
Microsoft Visual Studio Solution File, Format Version 11.00
# Visual Studio 2010
Project("{8BC9CEB8-8B4A-11D0-8D11-00A0C91BC942}") = "PPJoyJoy", "PPJoyJoy\PPJoyJoy.vcxproj", "{44A90606-04A6-46F1-A398-8C4CACF213D2}"
	ProjectSection(ProjectDependencies) = postProject
		{0245E3E8-3A8D-4172-BC53-7523917795A0} = {0245E3E8-3A8D-4172-BC53-7523917795A0}
	EndProjectSection
EndProject
Project("{8BC9CEB8-8B4A-11D0-8D11-00A0C91BC942}") = "PPJoyCpl", "PPJoyCpl\PPJoyCpl.vcxproj", "{D2BE1301-0780-4755-BE43-EE0092823B17}"
EndProject
Project("{8BC9CEB8-8B4A-11D0-8D11-00A0C91BC942}") = "CreateINF", "CreateINF\CreateINF.vcxproj", "{FDB0AB61-6638-4B98-95DF-F35921112DDA}"
EndProject
Project("{8BC9CEB8-8B4A-11D0-8D11-00A0C91BC942}") = "CreateBAT", "CreateBAT\CreateBAT.vcxproj", "{93A55841-70D8-4243-806F-912014D4000F}"
EndProject
Project("{8BC9CEB8-8B4A-11D0-8D11-00A0C91BC942}") = "Helper64", "Helper64\Helper64.vcxproj", "{0C2ACFD1-795E-491B-A1FD-AD4EE1F85D5B}"
EndProject
Project("{8BC9CEB8-8B4A-11D0-8D11-00A0C91BC942}") = "AddJoyDrivers", "AddJoyDrivers\AddJoyDrivers.vcxproj", "{F714D70F-67CE-4D0C-B0F2-7AE3CAA0C9F5}"
EndProject
Project("{8BC9CEB8-8B4A-11D0-8D11-00A0C91BC942}") = "IOCTLSample", "IOCTLSample\IOCTLSample.vcxproj", "{E6BAD5E5-100C-4B39-B7A7-E9FE62F62BD2}"
EndProject
Project("{8BC9CEB8-8B4A-11D0-8D11-00A0C91BC942}") = "PPJoyAPI", "PPJoyAPI\PPJoyAPI.vcxproj", "{0245E3E8-3A8D-4172-BC53-7523917795A0}"
EndProject
Project("{8BC9CEB8-8B4A-11D0-8D11-00A0C91BC942}") = "PPJoyCom", "PPJoyCOM\PPJoyCom.vcxproj", "{4054C4C7-D274-4304-9E85-B4D5F858B1C0}"
	ProjectSection(ProjectDependencies) = postProject
		{0245E3E8-3A8D-4172-BC53-7523917795A0} = {0245E3E8-3A8D-4172-BC53-7523917795A0}
	EndProjectSection
EndProject
Project("{8BC9CEB8-8B4A-11D0-8D11-00A0C91BC942}") = "PPJoyDLL", "PPJoyDLL\PPJoyDLL.vcxproj", "{16230444-DAD4-493B-BA76-6D2D4A39AA68}"
	ProjectSection(ProjectDependencies) = postProject
		{0245E3E8-3A8D-4172-BC53-7523917795A0} = {0245E3E8-3A8D-4172-BC53-7523917795A0}
	EndProjectSection
EndProject
Project("{8BC9CEB8-8B4A-11D0-8D11-00A0C91BC942}") = "PPJoyKey", "PPJoyKey\PPJoyKey.vcxproj", "{7CCE7427-E4B6-405C-AE2B-A4D382774A74}"
	ProjectSection(ProjectDependencies) = postProject
		{0245E3E8-3A8D-4172-BC53-7523917795A0} = {0245E3E8-3A8D-4172-BC53-7523917795A0}
	EndProjectSection
EndProject
Project("{8BC9CEB8-8B4A-11D0-8D11-00A0C91BC942}") = "PPJoyMouse", "PPJoyMouse\PPJoyMouse.vcxproj", "{BB242BD9-A239-41BF-A680-74341078A2D5}"
	ProjectSection(ProjectDependencies) = postProject
		{0245E3E8-3A8D-4172-BC53-7523917795A0} = {0245E3E8-3A8D-4172-BC53-7523917795A0}
	EndProjectSection
EndProject
Project("{8BC9CEB8-8B4A-11D0-8D11-00A0C91BC942}") = "RCCallbackDLLs", "RCCallbackDLLs\RCCallbackDLLs.vcxproj", "{3629BB32-DC13-4F49-9033-A9825488552B}"
EndProject
Project("{8BC9CEB8-8B4A-11D0-8D11-00A0C91BC942}") = "SetupHelper", "SetupHelper\SetupHelper.vcxproj", "{CAF47B1E-A1C6-4C67-BFFB-6DC46E626588}"
EndProject
Project("{8BC9CEB8-8B4A-11D0-8D11-00A0C91BC942}") = "UnInst64", "UnInst64\UnInst64.vcxproj", "{35AFB6EF-84D4-4C61-AED5-C98D369BEE4C}"
EndProject
Project("{8BC9CEB8-8B4A-11D0-8D11-00A0C91BC942}") = "ViseHelper", "ViseHelper\ViseHelper.vcxproj", "{D1C20E8E-FEA1-4E29-ACC5-9F0E0AEB9F03}"
EndProject
Project("{8BC9CEB8-8B4A-11D0-8D11-00A0C91BC942}") = "AddDriversTest", "Tools\AddDriversTest\AddDriversTest.vcxproj", "{01A39A44-0A37-442E-889A-8CC652D29C2F}"
EndProject
Project("{8BC9CEB8-8B4A-11D0-8D11-00A0C91BC942}") = "APITest", "Tools\APITest\APITest.vcxproj", "{A38D6F1F-9A3E-4D5E-A4C3-D8B8EB8EB2FA}"
EndProject
Project("{8BC9CEB8-8B4A-11D0-8D11-00A0C91BC942}") = "ColCrop", "Tools\ColCrop\ColCrop.vcxproj", "{83B6F7DC-CE84-40E7-991D-AF7CC0B068A9}"
EndProject
Project("{8BC9CEB8-8B4A-11D0-8D11-00A0C91BC942}") = "DecodeAeroChopper", "Tools\DecodeAeroChopper\DecodeAeroChopper.vcxproj", "{927F490D-13E2-48CD-A841-363BD8815D70}"
EndProject
Project("{8BC9CEB8-8B4A-11D0-8D11-00A0C91BC942}") = "GenerateSerialSream", "Tools\GenerateSerialStream\GenerateSerialSream.vcxproj", "{00FDD34E-5A9D-481E-9824-EAAF4F6381E4}"
EndProject
Project("{8BC9CEB8-8B4A-11D0-8D11-00A0C91BC942}") = "MakeBitSwapLookup", "Tools\MakeBitSwapLookup\MakeBitSwapLookup.vcxproj", "{76B71A19-2323-4BF3-97E9-2EF922BBDE3A}"
EndProject
Project("{8BC9CEB8-8B4A-11D0-8D11-00A0C91BC942}") = "PPJoyCOMLogToBin", "Tools\PPJoyCOMLogToBin\PPJoyCOMLogToBin.vcxproj", "{42C7F867-3DAF-4652-BA65-6D41F7A46C28}"
EndProject
Project("{8BC9CEB8-8B4A-11D0-8D11-00A0C91BC942}") = "PPJoyDLL_TestDLL", "Tools\PPJoyDLL_TestDLL\PPJoyDLL_TestDLL.vcxproj", "{EAABFD15-52B0-47CE-8AD2-413BD067637A}"
EndProject
Project("{8BC9CEB8-8B4A-11D0-8D11-00A0C91BC942}") = "SetVirtualJoyState", "Tools\SetVirtualJoyState\SetVirtualJoyState.vcxproj", "{FB798A9A-DC27-4EE3-B4A7-E8A34734E8ED}"
EndProject
Project("{2150E333-8FDC-42A3-9474-1A3956D46DE8}") = "Tools", "Tools", "{E0C73992-EA6B-4B49-9AA0-C9FBCCD91D41}"
EndProject
Global
	GlobalSection(SolutionConfigurationPlatforms) = preSolution
		Debug Futaba_PCM|Win32 = Debug Futaba_PCM|Win32
		Debug Futaba_PCM|x64 = Debug Futaba_PCM|x64
		Debug Futaba_PPM|Win32 = Debug Futaba_PPM|Win32
		Debug Futaba_PPM|x64 = Debug Futaba_PPM|x64
		Debug JR_PCM|Win32 = Debug JR_PCM|Win32
		Debug JR_PCM|x64 = Debug JR_PCM|x64
		Debug JR_PPM|Win32 = Debug JR_PPM|Win32
		Debug JR_PPM|x64 = Debug JR_PPM|x64
		Debug|Win32 = Debug|Win32
		Debug|x64 = Debug|x64
		Release Futaba_PCM|Win32 = Release Futaba_PCM|Win32
		Release Futaba_PCM|x64 = Release Futaba_PCM|x64
		Release Futaba_PPM|Win32 = Release Futaba_PPM|Win32
		Release Futaba_PPM|x64 = Release Futaba_PPM|x64
		Release JR_PCM|Win32 = Release JR_PCM|Win32
		Release JR_PCM|x64 = Release JR_PCM|x64
		Release JR_PPM|Win32 = Release JR_PPM|Win32
		Release JR_PPM|x64 = Release JR_PPM|x64
		Release|Win32 = Release|Win32
		Release|x64 = Release|x64
		Template|Win32 = Template|Win32
		Template|x64 = Template|x64
	EndGlobalSection
	GlobalSection(ProjectConfigurationPlatforms) = postSolution
		{44A90606-04A6-46F1-A398-8C4CACF213D2}.Debug Futaba_PCM|Win32.ActiveCfg = Debug|Win32
		{44A90606-04A6-46F1-A398-8C4CACF213D2}.Debug Futaba_PCM|Win32.Build.0 = Debug|Win32
		{44A90606-04A6-46F1-A398-8C4CACF213D2}.Debug Futaba_PCM|x64.ActiveCfg = Debug|Win32
		{44A90606-04A6-46F1-A398-8C4CACF213D2}.Debug Futaba_PPM|Win32.ActiveCfg = Debug|Win32
		{44A90606-04A6-46F1-A398-8C4CACF213D2}.Debug Futaba_PPM|Win32.Build.0 = Debug|Win32
		{44A90606-04A6-46F1-A398-8C4CACF213D2}.Debug Futaba_PPM|x64.ActiveCfg = Debug|Win32
		{44A90606-04A6-46F1-A398-8C4CACF213D2}.Debug JR_PCM|Win32.ActiveCfg = Debug|Win32
		{44A90606-04A6-46F1-A398-8C4CACF213D2}.Debug JR_PCM|Win32.Build.0 = Debug|Win32
		{44A90606-04A6-46F1-A398-8C4CACF213D2}.Debug JR_PCM|x64.ActiveCfg = Debug|Win32
		{44A90606-04A6-46F1-A398-8C4CACF213D2}.Debug JR_PPM|Win32.ActiveCfg = Debug|Win32
		{44A90606-04A6-46F1-A398-8C4CACF213D2}.Debug JR_PPM|Win32.Build.0 = Debug|Win32
		{44A90606-04A6-46F1-A398-8C4CACF213D2}.Debug JR_PPM|x64.ActiveCfg = Debug|Win32
		{44A90606-04A6-46F1-A398-8C4CACF213D2}.Debug|Win32.ActiveCfg = Debug|Win32
		{44A90606-04A6-46F1-A398-8C4CACF213D2}.Debug|Win32.Build.0 = Debug|Win32
		{44A90606-04A6-46F1-A398-8C4CACF213D2}.Debug|x64.ActiveCfg = Debug|Win32
		{44A90606-04A6-46F1-A398-8C4CACF213D2}.Release Futaba_PCM|Win32.ActiveCfg = Release|Win32
		{44A90606-04A6-46F1-A398-8C4CACF213D2}.Release Futaba_PCM|Win32.Build.0 = Release|Win32
		{44A90606-04A6-46F1-A398-8C4CACF213D2}.Release Futaba_PCM|x64.ActiveCfg = Release|Win32
		{44A90606-04A6-46F1-A398-8C4CACF213D2}.Release Futaba_PPM|Win32.ActiveCfg = Release|Win32
		{44A90606-04A6-46F1-A398-8C4CACF213D2}.Release Futaba_PPM|Win32.Build.0 = Release|Win32
		{44A90606-04A6-46F1-A398-8C4CACF213D2}.Release Futaba_PPM|x64.ActiveCfg = Release|Win32
		{44A90606-04A6-46F1-A398-8C4CACF213D2}.Release JR_PCM|Win32.ActiveCfg = Release|Win32
		{44A90606-04A6-46F1-A398-8C4CACF213D2}.Release JR_PCM|Win32.Build.0 = Release|Win32
		{44A90606-04A6-46F1-A398-8C4CACF213D2}.Release JR_PCM|x64.ActiveCfg = Release|Win32
		{44A90606-04A6-46F1-A398-8C4CACF213D2}.Release JR_PPM|Win32.ActiveCfg = Release|Win32
		{44A90606-04A6-46F1-A398-8C4CACF213D2}.Release JR_PPM|Win32.Build.0 = Release|Win32
		{44A90606-04A6-46F1-A398-8C4CACF213D2}.Release JR_PPM|x64.ActiveCfg = Release|Win32
		{44A90606-04A6-46F1-A398-8C4CACF213D2}.Release|Win32.ActiveCfg = Release|Win32
		{44A90606-04A6-46F1-A398-8C4CACF213D2}.Release|Win32.Build.0 = Release|Win32
		{44A90606-04A6-46F1-A398-8C4CACF213D2}.Release|x64.ActiveCfg = Release|Win32
		{44A90606-04A6-46F1-A398-8C4CACF213D2}.Template|Win32.ActiveCfg = Template|Win32
		{44A90606-04A6-46F1-A398-8C4CACF213D2}.Template|Win32.Build.0 = Template|Win32
		{44A90606-04A6-46F1-A398-8C4CACF213D2}.Template|x64.ActiveCfg = Template|Win32
		{D2BE1301-0780-4755-BE43-EE0092823B17}.Debug Futaba_PCM|Win32.ActiveCfg = Debug|Win32
		{D2BE1301-0780-4755-BE43-EE0092823B17}.Debug Futaba_PCM|Win32.Build.0 = Debug|Win32
		{D2BE1301-0780-4755-BE43-EE0092823B17}.Debug Futaba_PCM|x64.ActiveCfg = Debug|Win32
		{D2BE1301-0780-4755-BE43-EE0092823B17}.Debug Futaba_PPM|Win32.ActiveCfg = Debug|Win32
		{D2BE1301-0780-4755-BE43-EE0092823B17}.Debug Futaba_PPM|Win32.Build.0 = Debug|Win32
		{D2BE1301-0780-4755-BE43-EE0092823B17}.Debug Futaba_PPM|x64.ActiveCfg = Debug|Win32
		{D2BE1301-0780-4755-BE43-EE0092823B17}.Debug JR_PCM|Win32.ActiveCfg = Debug|Win32
		{D2BE1301-0780-4755-BE43-EE0092823B17}.Debug JR_PCM|Win32.Build.0 = Debug|Win32
		{D2BE1301-0780-4755-BE43-EE0092823B17}.Debug JR_PCM|x64.ActiveCfg = Debug|Win32
		{D2BE1301-0780-4755-BE43-EE0092823B17}.Debug JR_PPM|Win32.ActiveCfg = Debug|Win32
		{D2BE1301-0780-4755-BE43-EE0092823B17}.Debug JR_PPM|Win32.Build.0 = Debug|Win32
		{D2BE1301-0780-4755-BE43-EE0092823B17}.Debug JR_PPM|x64.ActiveCfg = Debug|Win32
		{D2BE1301-0780-4755-BE43-EE0092823B17}.Debug|Win32.ActiveCfg = Debug|Win32
		{D2BE1301-0780-4755-BE43-EE0092823B17}.Debug|Win32.Build.0 = Debug|Win32
		{D2BE1301-0780-4755-BE43-EE0092823B17}.Debug|x64.ActiveCfg = Debug|Win32
		{D2BE1301-0780-4755-BE43-EE0092823B17}.Release Futaba_PCM|Win32.ActiveCfg = Release|Win32
		{D2BE1301-0780-4755-BE43-EE0092823B17}.Release Futaba_PCM|Win32.Build.0 = Release|Win32
		{D2BE1301-0780-4755-BE43-EE0092823B17}.Release Futaba_PCM|x64.ActiveCfg = Release|Win32
		{D2BE1301-0780-4755-BE43-EE0092823B17}.Release Futaba_PPM|Win32.ActiveCfg = Release|Win32
		{D2BE1301-0780-4755-BE43-EE0092823B17}.Release Futaba_PPM|Win32.Build.0 = Release|Win32
		{D2BE1301-0780-4755-BE43-EE0092823B17}.Release Futaba_PPM|x64.ActiveCfg = Release|Win32
		{D2BE1301-0780-4755-BE43-EE0092823B17}.Release JR_PCM|Win32.ActiveCfg = Release|Win32
		{D2BE1301-0780-4755-BE43-EE0092823B17}.Release JR_PCM|Win32.Build.0 = Release|Win32
		{D2BE1301-0780-4755-BE43-EE0092823B17}.Release JR_PCM|x64.ActiveCfg = Release|Win32
		{D2BE1301-0780-4755-BE43-EE0092823B17}.Release JR_PPM|Win32.ActiveCfg = Release|Win32
		{D2BE1301-0780-4755-BE43-EE0092823B17}.Release JR_PPM|Win32.Build.0 = Release|Win32
		{D2BE1301-0780-4755-BE43-EE0092823B17}.Release JR_PPM|x64.ActiveCfg = Release|Win32
		{D2BE1301-0780-4755-BE43-EE0092823B17}.Release|Win32.ActiveCfg = Release|Win32
		{D2BE1301-0780-4755-BE43-EE0092823B17}.Release|Win32.Build.0 = Release|Win32
		{D2BE1301-0780-4755-BE43-EE0092823B17}.Release|x64.ActiveCfg = Release|Win32
		{D2BE1301-0780-4755-BE43-EE0092823B17}.Template|Win32.ActiveCfg = Template|Win32
		{D2BE1301-0780-4755-BE43-EE0092823B17}.Template|Win32.Build.0 = Template|Win32
		{D2BE1301-0780-4755-BE43-EE0092823B17}.Template|x64.ActiveCfg = Template|Win32
		{FDB0AB61-6638-4B98-95DF-F35921112DDA}.Debug Futaba_PCM|Win32.ActiveCfg = Debug|Win32
		{FDB0AB61-6638-4B98-95DF-F35921112DDA}.Debug Futaba_PCM|Win32.Build.0 = Debug|Win32
		{FDB0AB61-6638-4B98-95DF-F35921112DDA}.Debug Futaba_PCM|x64.ActiveCfg = Debug|Win32
		{FDB0AB61-6638-4B98-95DF-F35921112DDA}.Debug Futaba_PPM|Win32.ActiveCfg = Debug|Win32
		{FDB0AB61-6638-4B98-95DF-F35921112DDA}.Debug Futaba_PPM|Win32.Build.0 = Debug|Win32
		{FDB0AB61-6638-4B98-95DF-F35921112DDA}.Debug Futaba_PPM|x64.ActiveCfg = Debug|Win32
		{FDB0AB61-6638-4B98-95DF-F35921112DDA}.Debug JR_PCM|Win32.ActiveCfg = Debug|Win32
		{FDB0AB61-6638-4B98-95DF-F35921112DDA}.Debug JR_PCM|Win32.Build.0 = Debug|Win32
		{FDB0AB61-6638-4B98-95DF-F35921112DDA}.Debug JR_PCM|x64.ActiveCfg = Debug|Win32
		{FDB0AB61-6638-4B98-95DF-F35921112DDA}.Debug JR_PPM|Win32.ActiveCfg = Debug|Win32
		{FDB0AB61-6638-4B98-95DF-F35921112DDA}.Debug JR_PPM|Win32.Build.0 = Debug|Win32
		{FDB0AB61-6638-4B98-95DF-F35921112DDA}.Debug JR_PPM|x64.ActiveCfg = Debug|Win32
		{FDB0AB61-6638-4B98-95DF-F35921112DDA}.Debug|Win32.ActiveCfg = Debug|Win32
		{FDB0AB61-6638-4B98-95DF-F35921112DDA}.Debug|Win32.Build.0 = Debug|Win32
		{FDB0AB61-6638-4B98-95DF-F35921112DDA}.Debug|x64.ActiveCfg = Debug|Win32
		{FDB0AB61-6638-4B98-95DF-F35921112DDA}.Release Futaba_PCM|Win32.ActiveCfg = Release|Win32
		{FDB0AB61-6638-4B98-95DF-F35921112DDA}.Release Futaba_PCM|Win32.Build.0 = Release|Win32
		{FDB0AB61-6638-4B98-95DF-F35921112DDA}.Release Futaba_PCM|x64.ActiveCfg = Release|Win32
		{FDB0AB61-6638-4B98-95DF-F35921112DDA}.Release Futaba_PPM|Win32.ActiveCfg = Release|Win32
		{FDB0AB61-6638-4B98-95DF-F35921112DDA}.Release Futaba_PPM|Win32.Build.0 = Release|Win32
		{FDB0AB61-6638-4B98-95DF-F35921112DDA}.Release Futaba_PPM|x64.ActiveCfg = Release|Win32
		{FDB0AB61-6638-4B98-95DF-F35921112DDA}.Release JR_PCM|Win32.ActiveCfg = Release|Win32
		{FDB0AB61-6638-4B98-95DF-F35921112DDA}.Release JR_PCM|Win32.Build.0 = Release|Win32
		{FDB0AB61-6638-4B98-95DF-F35921112DDA}.Release JR_PCM|x64.ActiveCfg = Release|Win32
		{FDB0AB61-6638-4B98-95DF-F35921112DDA}.Release JR_PPM|Win32.ActiveCfg = Release|Win32
		{FDB0AB61-6638-4B98-95DF-F35921112DDA}.Release JR_PPM|Win32.Build.0 = Release|Win32
		{FDB0AB61-6638-4B98-95DF-F35921112DDA}.Release JR_PPM|x64.ActiveCfg = Release|Win32
		{FDB0AB61-6638-4B98-95DF-F35921112DDA}.Release|Win32.ActiveCfg = Release|Win32
		{FDB0AB61-6638-4B98-95DF-F35921112DDA}.Release|Win32.Build.0 = Release|Win32
		{FDB0AB61-6638-4B98-95DF-F35921112DDA}.Release|x64.ActiveCfg = Release|Win32
		{FDB0AB61-6638-4B98-95DF-F35921112DDA}.Template|Win32.ActiveCfg = Release|Win32
		{FDB0AB61-6638-4B98-95DF-F35921112DDA}.Template|Win32.Build.0 = Release|Win32
		{FDB0AB61-6638-4B98-95DF-F35921112DDA}.Template|x64.ActiveCfg = Release|Win32
		{93A55841-70D8-4243-806F-912014D4000F}.Debug Futaba_PCM|Win32.ActiveCfg = Debug|Win32
		{93A55841-70D8-4243-806F-912014D4000F}.Debug Futaba_PCM|Win32.Build.0 = Debug|Win32
		{93A55841-70D8-4243-806F-912014D4000F}.Debug Futaba_PCM|x64.ActiveCfg = Debug|Win32
		{93A55841-70D8-4243-806F-912014D4000F}.Debug Futaba_PPM|Win32.ActiveCfg = Debug|Win32
		{93A55841-70D8-4243-806F-912014D4000F}.Debug Futaba_PPM|Win32.Build.0 = Debug|Win32
		{93A55841-70D8-4243-806F-912014D4000F}.Debug Futaba_PPM|x64.ActiveCfg = Debug|Win32
		{93A55841-70D8-4243-806F-912014D4000F}.Debug JR_PCM|Win32.ActiveCfg = Debug|Win32
		{93A55841-70D8-4243-806F-912014D4000F}.Debug JR_PCM|Win32.Build.0 = Debug|Win32
		{93A55841-70D8-4243-806F-912014D4000F}.Debug JR_PCM|x64.ActiveCfg = Debug|Win32
		{93A55841-70D8-4243-806F-912014D4000F}.Debug JR_PPM|Win32.ActiveCfg = Debug|Win32
		{93A55841-70D8-4243-806F-912014D4000F}.Debug JR_PPM|Win32.Build.0 = Debug|Win32
		{93A55841-70D8-4243-806F-912014D4000F}.Debug JR_PPM|x64.ActiveCfg = Debug|Win32
		{93A55841-70D8-4243-806F-912014D4000F}.Debug|Win32.ActiveCfg = Debug|Win32
		{93A55841-70D8-4243-806F-912014D4000F}.Debug|Win32.Build.0 = Debug|Win32
		{93A55841-70D8-4243-806F-912014D4000F}.Debug|x64.ActiveCfg = Debug|Win32
		{93A55841-70D8-4243-806F-912014D4000F}.Release Futaba_PCM|Win32.ActiveCfg = Release|Win32
		{93A55841-70D8-4243-806F-912014D4000F}.Release Futaba_PCM|Win32.Build.0 = Release|Win32
		{93A55841-70D8-4243-806F-912014D4000F}.Release Futaba_PCM|x64.ActiveCfg = Release|Win32
		{93A55841-70D8-4243-806F-912014D4000F}.Release Futaba_PPM|Win32.ActiveCfg = Release|Win32
		{93A55841-70D8-4243-806F-912014D4000F}.Release Futaba_PPM|Win32.Build.0 = Release|Win32
		{93A55841-70D8-4243-806F-912014D4000F}.Release Futaba_PPM|x64.ActiveCfg = Release|Win32
		{93A55841-70D8-4243-806F-912014D4000F}.Release JR_PCM|Win32.ActiveCfg = Release|Win32
		{93A55841-70D8-4243-806F-912014D4000F}.Release JR_PCM|Win32.Build.0 = Release|Win32
		{93A55841-70D8-4243-806F-912014D4000F}.Release JR_PCM|x64.ActiveCfg = Release|Win32
		{93A55841-70D8-4243-806F-912014D4000F}.Release JR_PPM|Win32.ActiveCfg = Release|Win32
		{93A55841-70D8-4243-806F-912014D4000F}.Release JR_PPM|Win32.Build.0 = Release|Win32
		{93A55841-70D8-4243-806F-912014D4000F}.Release JR_PPM|x64.ActiveCfg = Release|Win32
		{93A55841-70D8-4243-806F-912014D4000F}.Release|Win32.ActiveCfg = Release|Win32
		{93A55841-70D8-4243-806F-912014D4000F}.Release|Win32.Build.0 = Release|Win32
		{93A55841-70D8-4243-806F-912014D4000F}.Release|x64.ActiveCfg = Release|Win32
		{93A55841-70D8-4243-806F-912014D4000F}.Template|Win32.ActiveCfg = Release|Win32
		{93A55841-70D8-4243-806F-912014D4000F}.Template|Win32.Build.0 = Release|Win32
		{93A55841-70D8-4243-806F-912014D4000F}.Template|x64.ActiveCfg = Release|Win32
		{0C2ACFD1-795E-491B-A1FD-AD4EE1F85D5B}.Debug Futaba_PCM|Win32.ActiveCfg = Debug|x64
		{0C2ACFD1-795E-491B-A1FD-AD4EE1F85D5B}.Debug Futaba_PCM|x64.ActiveCfg = Debug|x64
		{0C2ACFD1-795E-491B-A1FD-AD4EE1F85D5B}.Debug Futaba_PCM|x64.Build.0 = Debug|x64
		{0C2ACFD1-795E-491B-A1FD-AD4EE1F85D5B}.Debug Futaba_PPM|Win32.ActiveCfg = Debug|x64
		{0C2ACFD1-795E-491B-A1FD-AD4EE1F85D5B}.Debug Futaba_PPM|x64.ActiveCfg = Debug|x64
		{0C2ACFD1-795E-491B-A1FD-AD4EE1F85D5B}.Debug Futaba_PPM|x64.Build.0 = Debug|x64
		{0C2ACFD1-795E-491B-A1FD-AD4EE1F85D5B}.Debug JR_PCM|Win32.ActiveCfg = Debug|x64
		{0C2ACFD1-795E-491B-A1FD-AD4EE1F85D5B}.Debug JR_PCM|x64.ActiveCfg = Debug|x64
		{0C2ACFD1-795E-491B-A1FD-AD4EE1F85D5B}.Debug JR_PCM|x64.Build.0 = Debug|x64
		{0C2ACFD1-795E-491B-A1FD-AD4EE1F85D5B}.Debug JR_PPM|Win32.ActiveCfg = Debug|x64
		{0C2ACFD1-795E-491B-A1FD-AD4EE1F85D5B}.Debug JR_PPM|x64.ActiveCfg = Debug|x64
		{0C2ACFD1-795E-491B-A1FD-AD4EE1F85D5B}.Debug JR_PPM|x64.Build.0 = Debug|x64
		{0C2ACFD1-795E-491B-A1FD-AD4EE1F85D5B}.Debug|Win32.ActiveCfg = Debug|Win32
		{0C2ACFD1-795E-491B-A1FD-AD4EE1F85D5B}.Debug|Win32.Build.0 = Debug|Win32
		{0C2ACFD1-795E-491B-A1FD-AD4EE1F85D5B}.Debug|x64.ActiveCfg = Debug|x64
		{0C2ACFD1-795E-491B-A1FD-AD4EE1F85D5B}.Debug|x64.Build.0 = Debug|x64
		{0C2ACFD1-795E-491B-A1FD-AD4EE1F85D5B}.Release Futaba_PCM|Win32.ActiveCfg = Release|x64
		{0C2ACFD1-795E-491B-A1FD-AD4EE1F85D5B}.Release Futaba_PCM|x64.ActiveCfg = Release|x64
		{0C2ACFD1-795E-491B-A1FD-AD4EE1F85D5B}.Release Futaba_PCM|x64.Build.0 = Release|x64
		{0C2ACFD1-795E-491B-A1FD-AD4EE1F85D5B}.Release Futaba_PPM|Win32.ActiveCfg = Release|x64
		{0C2ACFD1-795E-491B-A1FD-AD4EE1F85D5B}.Release Futaba_PPM|x64.ActiveCfg = Release|x64
		{0C2ACFD1-795E-491B-A1FD-AD4EE1F85D5B}.Release Futaba_PPM|x64.Build.0 = Release|x64
		{0C2ACFD1-795E-491B-A1FD-AD4EE1F85D5B}.Release JR_PCM|Win32.ActiveCfg = Release|x64
		{0C2ACFD1-795E-491B-A1FD-AD4EE1F85D5B}.Release JR_PCM|x64.ActiveCfg = Release|x64
		{0C2ACFD1-795E-491B-A1FD-AD4EE1F85D5B}.Release JR_PCM|x64.Build.0 = Release|x64
		{0C2ACFD1-795E-491B-A1FD-AD4EE1F85D5B}.Release JR_PPM|Win32.ActiveCfg = Release|x64
		{0C2ACFD1-795E-491B-A1FD-AD4EE1F85D5B}.Release JR_PPM|x64.ActiveCfg = Release|x64
		{0C2ACFD1-795E-491B-A1FD-AD4EE1F85D5B}.Release JR_PPM|x64.Build.0 = Release|x64
		{0C2ACFD1-795E-491B-A1FD-AD4EE1F85D5B}.Release|Win32.ActiveCfg = Release|Win32
		{0C2ACFD1-795E-491B-A1FD-AD4EE1F85D5B}.Release|Win32.Build.0 = Release|Win32
		{0C2ACFD1-795E-491B-A1FD-AD4EE1F85D5B}.Release|x64.ActiveCfg = Release|x64
		{0C2ACFD1-795E-491B-A1FD-AD4EE1F85D5B}.Release|x64.Build.0 = Release|x64
		{0C2ACFD1-795E-491B-A1FD-AD4EE1F85D5B}.Template|Win32.ActiveCfg = Release|x64
		{0C2ACFD1-795E-491B-A1FD-AD4EE1F85D5B}.Template|x64.ActiveCfg = Release|x64
		{0C2ACFD1-795E-491B-A1FD-AD4EE1F85D5B}.Template|x64.Build.0 = Release|x64
		{F714D70F-67CE-4D0C-B0F2-7AE3CAA0C9F5}.Debug Futaba_PCM|Win32.ActiveCfg = Debug|Win32
		{F714D70F-67CE-4D0C-B0F2-7AE3CAA0C9F5}.Debug Futaba_PCM|Win32.Build.0 = Debug|Win32
		{F714D70F-67CE-4D0C-B0F2-7AE3CAA0C9F5}.Debug Futaba_PCM|x64.ActiveCfg = Debug|Win32
		{F714D70F-67CE-4D0C-B0F2-7AE3CAA0C9F5}.Debug Futaba_PPM|Win32.ActiveCfg = Debug|Win32
		{F714D70F-67CE-4D0C-B0F2-7AE3CAA0C9F5}.Debug Futaba_PPM|Win32.Build.0 = Debug|Win32
		{F714D70F-67CE-4D0C-B0F2-7AE3CAA0C9F5}.Debug Futaba_PPM|x64.ActiveCfg = Debug|Win32
		{F714D70F-67CE-4D0C-B0F2-7AE3CAA0C9F5}.Debug JR_PCM|Win32.ActiveCfg = Debug|Win32
		{F714D70F-67CE-4D0C-B0F2-7AE3CAA0C9F5}.Debug JR_PCM|Win32.Build.0 = Debug|Win32
		{F714D70F-67CE-4D0C-B0F2-7AE3CAA0C9F5}.Debug JR_PCM|x64.ActiveCfg = Debug|Win32
		{F714D70F-67CE-4D0C-B0F2-7AE3CAA0C9F5}.Debug JR_PPM|Win32.ActiveCfg = Debug|Win32
		{F714D70F-67CE-4D0C-B0F2-7AE3CAA0C9F5}.Debug JR_PPM|Win32.Build.0 = Debug|Win32
		{F714D70F-67CE-4D0C-B0F2-7AE3CAA0C9F5}.Debug JR_PPM|x64.ActiveCfg = Debug|Win32
		{F714D70F-67CE-4D0C-B0F2-7AE3CAA0C9F5}.Debug|Win32.ActiveCfg = Debug|Win32
		{F714D70F-67CE-4D0C-B0F2-7AE3CAA0C9F5}.Debug|Win32.Build.0 = Debug|Win32
		{F714D70F-67CE-4D0C-B0F2-7AE3CAA0C9F5}.Debug|x64.ActiveCfg = Debug|Win32
		{F714D70F-67CE-4D0C-B0F2-7AE3CAA0C9F5}.Release Futaba_PCM|Win32.ActiveCfg = Release|Win32
		{F714D70F-67CE-4D0C-B0F2-7AE3CAA0C9F5}.Release Futaba_PCM|Win32.Build.0 = Release|Win32
		{F714D70F-67CE-4D0C-B0F2-7AE3CAA0C9F5}.Release Futaba_PCM|x64.ActiveCfg = Release|Win32
		{F714D70F-67CE-4D0C-B0F2-7AE3CAA0C9F5}.Release Futaba_PPM|Win32.ActiveCfg = Release|Win32
		{F714D70F-67CE-4D0C-B0F2-7AE3CAA0C9F5}.Release Futaba_PPM|Win32.Build.0 = Release|Win32
		{F714D70F-67CE-4D0C-B0F2-7AE3CAA0C9F5}.Release Futaba_PPM|x64.ActiveCfg = Release|Win32
		{F714D70F-67CE-4D0C-B0F2-7AE3CAA0C9F5}.Release JR_PCM|Win32.ActiveCfg = Release|Win32
		{F714D70F-67CE-4D0C-B0F2-7AE3CAA0C9F5}.Release JR_PCM|Win32.Build.0 = Release|Win32
		{F714D70F-67CE-4D0C-B0F2-7AE3CAA0C9F5}.Release JR_PCM|x64.ActiveCfg = Release|Win32
		{F714D70F-67CE-4D0C-B0F2-7AE3CAA0C9F5}.Release JR_PPM|Win32.ActiveCfg = Release|Win32
		{F714D70F-67CE-4D0C-B0F2-7AE3CAA0C9F5}.Release JR_PPM|Win32.Build.0 = Release|Win32
		{F714D70F-67CE-4D0C-B0F2-7AE3CAA0C9F5}.Release JR_PPM|x64.ActiveCfg = Release|Win32
		{F714D70F-67CE-4D0C-B0F2-7AE3CAA0C9F5}.Release|Win32.ActiveCfg = Release|Win32
		{F714D70F-67CE-4D0C-B0F2-7AE3CAA0C9F5}.Release|Win32.Build.0 = Release|Win32
		{F714D70F-67CE-4D0C-B0F2-7AE3CAA0C9F5}.Release|x64.ActiveCfg = Release|Win32
		{F714D70F-67CE-4D0C-B0F2-7AE3CAA0C9F5}.Template|Win32.ActiveCfg = Release|Win32
		{F714D70F-67CE-4D0C-B0F2-7AE3CAA0C9F5}.Template|Win32.Build.0 = Release|Win32
		{F714D70F-67CE-4D0C-B0F2-7AE3CAA0C9F5}.Template|x64.ActiveCfg = Release|Win32
		{E6BAD5E5-100C-4B39-B7A7-E9FE62F62BD2}.Debug Futaba_PCM|Win32.ActiveCfg = Debug|Win32
		{E6BAD5E5-100C-4B39-B7A7-E9FE62F62BD2}.Debug Futaba_PCM|Win32.Build.0 = Debug|Win32
		{E6BAD5E5-100C-4B39-B7A7-E9FE62F62BD2}.Debug Futaba_PCM|x64.ActiveCfg = Debug|Win32
		{E6BAD5E5-100C-4B39-B7A7-E9FE62F62BD2}.Debug Futaba_PPM|Win32.ActiveCfg = Debug|Win32
		{E6BAD5E5-100C-4B39-B7A7-E9FE62F62BD2}.Debug Futaba_PPM|Win32.Build.0 = Debug|Win32
		{E6BAD5E5-100C-4B39-B7A7-E9FE62F62BD2}.Debug Futaba_PPM|x64.ActiveCfg = Debug|Win32
		{E6BAD5E5-100C-4B39-B7A7-E9FE62F62BD2}.Debug JR_PCM|Win32.ActiveCfg = Debug|Win32
		{E6BAD5E5-100C-4B39-B7A7-E9FE62F62BD2}.Debug JR_PCM|Win32.Build.0 = Debug|Win32
		{E6BAD5E5-100C-4B39-B7A7-E9FE62F62BD2}.Debug JR_PCM|x64.ActiveCfg = Debug|Win32
		{E6BAD5E5-100C-4B39-B7A7-E9FE62F62BD2}.Debug JR_PPM|Win32.ActiveCfg = Debug|Win32
		{E6BAD5E5-100C-4B39-B7A7-E9FE62F62BD2}.Debug JR_PPM|Win32.Build.0 = Debug|Win32
		{E6BAD5E5-100C-4B39-B7A7-E9FE62F62BD2}.Debug JR_PPM|x64.ActiveCfg = Debug|Win32
		{E6BAD5E5-100C-4B39-B7A7-E9FE62F62BD2}.Debug|Win32.ActiveCfg = Debug|Win32
		{E6BAD5E5-100C-4B39-B7A7-E9FE62F62BD2}.Debug|Win32.Build.0 = Debug|Win32
		{E6BAD5E5-100C-4B39-B7A7-E9FE62F62BD2}.Debug|x64.ActiveCfg = Debug|Win32
		{E6BAD5E5-100C-4B39-B7A7-E9FE62F62BD2}.Release Futaba_PCM|Win32.ActiveCfg = Release|Win32
		{E6BAD5E5-100C-4B39-B7A7-E9FE62F62BD2}.Release Futaba_PCM|Win32.Build.0 = Release|Win32
		{E6BAD5E5-100C-4B39-B7A7-E9FE62F62BD2}.Release Futaba_PCM|x64.ActiveCfg = Release|Win32
		{E6BAD5E5-100C-4B39-B7A7-E9FE62F62BD2}.Release Futaba_PPM|Win32.ActiveCfg = Release|Win32
		{E6BAD5E5-100C-4B39-B7A7-E9FE62F62BD2}.Release Futaba_PPM|Win32.Build.0 = Release|Win32
		{E6BAD5E5-100C-4B39-B7A7-E9FE62F62BD2}.Release Futaba_PPM|x64.ActiveCfg = Release|Win32
		{E6BAD5E5-100C-4B39-B7A7-E9FE62F62BD2}.Release JR_PCM|Win32.ActiveCfg = Release|Win32
		{E6BAD5E5-100C-4B39-B7A7-E9FE62F62BD2}.Release JR_PCM|Win32.Build.0 = Release|Win32
		{E6BAD5E5-100C-4B39-B7A7-E9FE62F62BD2}.Release JR_PCM|x64.ActiveCfg = Release|Win32
		{E6BAD5E5-100C-4B39-B7A7-E9FE62F62BD2}.Release JR_PPM|Win32.ActiveCfg = Release|Win32
		{E6BAD5E5-100C-4B39-B7A7-E9FE62F62BD2}.Release JR_PPM|Win32.Build.0 = Release|Win32
		{E6BAD5E5-100C-4B39-B7A7-E9FE62F62BD2}.Release JR_PPM|x64.ActiveCfg = Release|Win32
		{E6BAD5E5-100C-4B39-B7A7-E9FE62F62BD2}.Release|Win32.ActiveCfg = Release|Win32
		{E6BAD5E5-100C-4B39-B7A7-E9FE62F62BD2}.Release|Win32.Build.0 = Release|Win32
		{E6BAD5E5-100C-4B39-B7A7-E9FE62F62BD2}.Release|x64.ActiveCfg = Release|Win32
		{E6BAD5E5-100C-4B39-B7A7-E9FE62F62BD2}.Template|Win32.ActiveCfg = Release|Win32
		{E6BAD5E5-100C-4B39-B7A7-E9FE62F62BD2}.Template|Win32.Build.0 = Release|Win32
		{E6BAD5E5-100C-4B39-B7A7-E9FE62F62BD2}.Template|x64.ActiveCfg = Release|Win32
		{0245E3E8-3A8D-4172-BC53-7523917795A0}.Debug Futaba_PCM|Win32.ActiveCfg = Debug|Win32
		{0245E3E8-3A8D-4172-BC53-7523917795A0}.Debug Futaba_PCM|Win32.Build.0 = Debug|Win32
		{0245E3E8-3A8D-4172-BC53-7523917795A0}.Debug Futaba_PCM|x64.ActiveCfg = Debug|Win32
		{0245E3E8-3A8D-4172-BC53-7523917795A0}.Debug Futaba_PPM|Win32.ActiveCfg = Debug|Win32
		{0245E3E8-3A8D-4172-BC53-7523917795A0}.Debug Futaba_PPM|Win32.Build.0 = Debug|Win32
		{0245E3E8-3A8D-4172-BC53-7523917795A0}.Debug Futaba_PPM|x64.ActiveCfg = Debug|Win32
		{0245E3E8-3A8D-4172-BC53-7523917795A0}.Debug JR_PCM|Win32.ActiveCfg = Debug|Win32
		{0245E3E8-3A8D-4172-BC53-7523917795A0}.Debug JR_PCM|Win32.Build.0 = Debug|Win32
		{0245E3E8-3A8D-4172-BC53-7523917795A0}.Debug JR_PCM|x64.ActiveCfg = Debug|Win32
		{0245E3E8-3A8D-4172-BC53-7523917795A0}.Debug JR_PPM|Win32.ActiveCfg = Debug|Win32
		{0245E3E8-3A8D-4172-BC53-7523917795A0}.Debug JR_PPM|Win32.Build.0 = Debug|Win32
		{0245E3E8-3A8D-4172-BC53-7523917795A0}.Debug JR_PPM|x64.ActiveCfg = Debug|Win32
		{0245E3E8-3A8D-4172-BC53-7523917795A0}.Debug|Win32.ActiveCfg = Debug|Win32
		{0245E3E8-3A8D-4172-BC53-7523917795A0}.Debug|Win32.Build.0 = Debug|Win32
		{0245E3E8-3A8D-4172-BC53-7523917795A0}.Debug|x64.ActiveCfg = Debug|Win32
		{0245E3E8-3A8D-4172-BC53-7523917795A0}.Release Futaba_PCM|Win32.ActiveCfg = Release|Win32
		{0245E3E8-3A8D-4172-BC53-7523917795A0}.Release Futaba_PCM|Win32.Build.0 = Release|Win32
		{0245E3E8-3A8D-4172-BC53-7523917795A0}.Release Futaba_PCM|x64.ActiveCfg = Release|Win32
		{0245E3E8-3A8D-4172-BC53-7523917795A0}.Release Futaba_PPM|Win32.ActiveCfg = Release|Win32
		{0245E3E8-3A8D-4172-BC53-7523917795A0}.Release Futaba_PPM|Win32.Build.0 = Release|Win32
		{0245E3E8-3A8D-4172-BC53-7523917795A0}.Release Futaba_PPM|x64.ActiveCfg = Release|Win32
		{0245E3E8-3A8D-4172-BC53-7523917795A0}.Release JR_PCM|Win32.ActiveCfg = Release|Win32
		{0245E3E8-3A8D-4172-BC53-7523917795A0}.Release JR_PCM|Win32.Build.0 = Release|Win32
		{0245E3E8-3A8D-4172-BC53-7523917795A0}.Release JR_PCM|x64.ActiveCfg = Release|Win32
		{0245E3E8-3A8D-4172-BC53-7523917795A0}.Release JR_PPM|Win32.ActiveCfg = Release|Win32
		{0245E3E8-3A8D-4172-BC53-7523917795A0}.Release JR_PPM|Win32.Build.0 = Release|Win32
		{0245E3E8-3A8D-4172-BC53-7523917795A0}.Release JR_PPM|x64.ActiveCfg = Release|Win32
		{0245E3E8-3A8D-4172-BC53-7523917795A0}.Release|Win32.ActiveCfg = Release|Win32
		{0245E3E8-3A8D-4172-BC53-7523917795A0}.Release|Win32.Build.0 = Release|Win32
		{0245E3E8-3A8D-4172-BC53-7523917795A0}.Release|x64.ActiveCfg = Release|Win32
		{0245E3E8-3A8D-4172-BC53-7523917795A0}.Template|Win32.ActiveCfg = Release|Win32
		{0245E3E8-3A8D-4172-BC53-7523917795A0}.Template|Win32.Build.0 = Release|Win32
		{0245E3E8-3A8D-4172-BC53-7523917795A0}.Template|x64.ActiveCfg = Release|Win32
		{4054C4C7-D274-4304-9E85-B4D5F858B1C0}.Debug Futaba_PCM|Win32.ActiveCfg = Debug|Win32
		{4054C4C7-D274-4304-9E85-B4D5F858B1C0}.Debug Futaba_PCM|Win32.Build.0 = Debug|Win32
		{4054C4C7-D274-4304-9E85-B4D5F858B1C0}.Debug Futaba_PCM|x64.ActiveCfg = Debug|Win32
		{4054C4C7-D274-4304-9E85-B4D5F858B1C0}.Debug Futaba_PPM|Win32.ActiveCfg = Debug|Win32
		{4054C4C7-D274-4304-9E85-B4D5F858B1C0}.Debug Futaba_PPM|Win32.Build.0 = Debug|Win32
		{4054C4C7-D274-4304-9E85-B4D5F858B1C0}.Debug Futaba_PPM|x64.ActiveCfg = Debug|Win32
		{4054C4C7-D274-4304-9E85-B4D5F858B1C0}.Debug JR_PCM|Win32.ActiveCfg = Debug|Win32
		{4054C4C7-D274-4304-9E85-B4D5F858B1C0}.Debug JR_PCM|Win32.Build.0 = Debug|Win32
		{4054C4C7-D274-4304-9E85-B4D5F858B1C0}.Debug JR_PCM|x64.ActiveCfg = Debug|Win32
		{4054C4C7-D274-4304-9E85-B4D5F858B1C0}.Debug JR_PPM|Win32.ActiveCfg = Debug|Win32
		{4054C4C7-D274-4304-9E85-B4D5F858B1C0}.Debug JR_PPM|Win32.Build.0 = Debug|Win32
		{4054C4C7-D274-4304-9E85-B4D5F858B1C0}.Debug JR_PPM|x64.ActiveCfg = Debug|Win32
		{4054C4C7-D274-4304-9E85-B4D5F858B1C0}.Debug|Win32.ActiveCfg = Debug|Win32
		{4054C4C7-D274-4304-9E85-B4D5F858B1C0}.Debug|Win32.Build.0 = Debug|Win32
		{4054C4C7-D274-4304-9E85-B4D5F858B1C0}.Debug|x64.ActiveCfg = Debug|Win32
		{4054C4C7-D274-4304-9E85-B4D5F858B1C0}.Release Futaba_PCM|Win32.ActiveCfg = Release|Win32
		{4054C4C7-D274-4304-9E85-B4D5F858B1C0}.Release Futaba_PCM|Win32.Build.0 = Release|Win32
		{4054C4C7-D274-4304-9E85-B4D5F858B1C0}.Release Futaba_PCM|x64.ActiveCfg = Release|Win32
		{4054C4C7-D274-4304-9E85-B4D5F858B1C0}.Release Futaba_PPM|Win32.ActiveCfg = Release|Win32
		{4054C4C7-D274-4304-9E85-B4D5F858B1C0}.Release Futaba_PPM|Win32.Build.0 = Release|Win32
		{4054C4C7-D274-4304-9E85-B4D5F858B1C0}.Release Futaba_PPM|x64.ActiveCfg = Release|Win32
		{4054C4C7-D274-4304-9E85-B4D5F858B1C0}.Release JR_PCM|Win32.ActiveCfg = Release|Win32
		{4054C4C7-D274-4304-9E85-B4D5F858B1C0}.Release JR_PCM|Win32.Build.0 = Release|Win32
		{4054C4C7-D274-4304-9E85-B4D5F858B1C0}.Release JR_PCM|x64.ActiveCfg = Release|Win32
		{4054C4C7-D274-4304-9E85-B4D5F858B1C0}.Release JR_PPM|Win32.ActiveCfg = Release|Win32
		{4054C4C7-D274-4304-9E85-B4D5F858B1C0}.Release JR_PPM|Win32.Build.0 = Release|Win32
		{4054C4C7-D274-4304-9E85-B4D5F858B1C0}.Release JR_PPM|x64.ActiveCfg = Release|Win32
		{4054C4C7-D274-4304-9E85-B4D5F858B1C0}.Release|Win32.ActiveCfg = Release|Win32
		{4054C4C7-D274-4304-9E85-B4D5F858B1C0}.Release|Win32.Build.0 = Release|Win32
		{4054C4C7-D274-4304-9E85-B4D5F858B1C0}.Release|x64.ActiveCfg = Release|Win32
		{4054C4C7-D274-4304-9E85-B4D5F858B1C0}.Template|Win32.ActiveCfg = Template|Win32
		{4054C4C7-D274-4304-9E85-B4D5F858B1C0}.Template|Win32.Build.0 = Template|Win32
		{4054C4C7-D274-4304-9E85-B4D5F858B1C0}.Template|x64.ActiveCfg = Template|Win32
		{16230444-DAD4-493B-BA76-6D2D4A39AA68}.Debug Futaba_PCM|Win32.ActiveCfg = Debug|Win32
		{16230444-DAD4-493B-BA76-6D2D4A39AA68}.Debug Futaba_PCM|Win32.Build.0 = Debug|Win32
		{16230444-DAD4-493B-BA76-6D2D4A39AA68}.Debug Futaba_PCM|x64.ActiveCfg = Debug|Win32
		{16230444-DAD4-493B-BA76-6D2D4A39AA68}.Debug Futaba_PPM|Win32.ActiveCfg = Debug|Win32
		{16230444-DAD4-493B-BA76-6D2D4A39AA68}.Debug Futaba_PPM|Win32.Build.0 = Debug|Win32
		{16230444-DAD4-493B-BA76-6D2D4A39AA68}.Debug Futaba_PPM|x64.ActiveCfg = Debug|Win32
		{16230444-DAD4-493B-BA76-6D2D4A39AA68}.Debug JR_PCM|Win32.ActiveCfg = Debug|Win32
		{16230444-DAD4-493B-BA76-6D2D4A39AA68}.Debug JR_PCM|Win32.Build.0 = Debug|Win32
		{16230444-DAD4-493B-BA76-6D2D4A39AA68}.Debug JR_PCM|x64.ActiveCfg = Debug|Win32
		{16230444-DAD4-493B-BA76-6D2D4A39AA68}.Debug JR_PPM|Win32.ActiveCfg = Debug|Win32
		{16230444-DAD4-493B-BA76-6D2D4A39AA68}.Debug JR_PPM|Win32.Build.0 = Debug|Win32
		{16230444-DAD4-493B-BA76-6D2D4A39AA68}.Debug JR_PPM|x64.ActiveCfg = Debug|Win32
		{16230444-DAD4-493B-BA76-6D2D4A39AA68}.Debug|Win32.ActiveCfg = Debug|Win32
		{16230444-DAD4-493B-BA76-6D2D4A39AA68}.Debug|Win32.Build.0 = Debug|Win32
		{16230444-DAD4-493B-BA76-6D2D4A39AA68}.Debug|x64.ActiveCfg = Debug|Win32
		{16230444-DAD4-493B-BA76-6D2D4A39AA68}.Release Futaba_PCM|Win32.ActiveCfg = Release|Win32
		{16230444-DAD4-493B-BA76-6D2D4A39AA68}.Release Futaba_PCM|Win32.Build.0 = Release|Win32
		{16230444-DAD4-493B-BA76-6D2D4A39AA68}.Release Futaba_PCM|x64.ActiveCfg = Release|Win32
		{16230444-DAD4-493B-BA76-6D2D4A39AA68}.Release Futaba_PPM|Win32.ActiveCfg = Release|Win32
		{16230444-DAD4-493B-BA76-6D2D4A39AA68}.Release Futaba_PPM|Win32.Build.0 = Release|Win32
		{16230444-DAD4-493B-BA76-6D2D4A39AA68}.Release Futaba_PPM|x64.ActiveCfg = Release|Win32
		{16230444-DAD4-493B-BA76-6D2D4A39AA68}.Release JR_PCM|Win32.ActiveCfg = Release|Win32
		{16230444-DAD4-493B-BA76-6D2D4A39AA68}.Release JR_PCM|Win32.Build.0 = Release|Win32
		{16230444-DAD4-493B-BA76-6D2D4A39AA68}.Release JR_PCM|x64.ActiveCfg = Release|Win32
		{16230444-DAD4-493B-BA76-6D2D4A39AA68}.Release JR_PPM|Win32.ActiveCfg = Release|Win32
		{16230444-DAD4-493B-BA76-6D2D4A39AA68}.Release JR_PPM|Win32.Build.0 = Release|Win32
		{16230444-DAD4-493B-BA76-6D2D4A39AA68}.Release JR_PPM|x64.ActiveCfg = Release|Win32
		{16230444-DAD4-493B-BA76-6D2D4A39AA68}.Release|Win32.ActiveCfg = Release|Win32
		{16230444-DAD4-493B-BA76-6D2D4A39AA68}.Release|Win32.Build.0 = Release|Win32
		{16230444-DAD4-493B-BA76-6D2D4A39AA68}.Release|x64.ActiveCfg = Release|Win32
		{16230444-DAD4-493B-BA76-6D2D4A39AA68}.Template|Win32.ActiveCfg = Template|Win32
		{16230444-DAD4-493B-BA76-6D2D4A39AA68}.Template|Win32.Build.0 = Template|Win32
		{16230444-DAD4-493B-BA76-6D2D4A39AA68}.Template|x64.ActiveCfg = Template|Win32
		{7CCE7427-E4B6-405C-AE2B-A4D382774A74}.Debug Futaba_PCM|Win32.ActiveCfg = Debug|Win32
		{7CCE7427-E4B6-405C-AE2B-A4D382774A74}.Debug Futaba_PCM|Win32.Build.0 = Debug|Win32
		{7CCE7427-E4B6-405C-AE2B-A4D382774A74}.Debug Futaba_PCM|x64.ActiveCfg = Debug|Win32
		{7CCE7427-E4B6-405C-AE2B-A4D382774A74}.Debug Futaba_PPM|Win32.ActiveCfg = Debug|Win32
		{7CCE7427-E4B6-405C-AE2B-A4D382774A74}.Debug Futaba_PPM|Win32.Build.0 = Debug|Win32
		{7CCE7427-E4B6-405C-AE2B-A4D382774A74}.Debug Futaba_PPM|x64.ActiveCfg = Debug|Win32
		{7CCE7427-E4B6-405C-AE2B-A4D382774A74}.Debug JR_PCM|Win32.ActiveCfg = Debug|Win32
		{7CCE7427-E4B6-405C-AE2B-A4D382774A74}.Debug JR_PCM|Win32.Build.0 = Debug|Win32
		{7CCE7427-E4B6-405C-AE2B-A4D382774A74}.Debug JR_PCM|x64.ActiveCfg = Debug|Win32
		{7CCE7427-E4B6-405C-AE2B-A4D382774A74}.Debug JR_PPM|Win32.ActiveCfg = Debug|Win32
		{7CCE7427-E4B6-405C-AE2B-A4D382774A74}.Debug JR_PPM|Win32.Build.0 = Debug|Win32
		{7CCE7427-E4B6-405C-AE2B-A4D382774A74}.Debug JR_PPM|x64.ActiveCfg = Debug|Win32
		{7CCE7427-E4B6-405C-AE2B-A4D382774A74}.Debug|Win32.ActiveCfg = Debug|Win32
		{7CCE7427-E4B6-405C-AE2B-A4D382774A74}.Debug|Win32.Build.0 = Debug|Win32
		{7CCE7427-E4B6-405C-AE2B-A4D382774A74}.Debug|x64.ActiveCfg = Debug|Win32
		{7CCE7427-E4B6-405C-AE2B-A4D382774A74}.Release Futaba_PCM|Win32.ActiveCfg = Release|Win32
		{7CCE7427-E4B6-405C-AE2B-A4D382774A74}.Release Futaba_PCM|Win32.Build.0 = Release|Win32
		{7CCE7427-E4B6-405C-AE2B-A4D382774A74}.Release Futaba_PCM|x64.ActiveCfg = Release|Win32
		{7CCE7427-E4B6-405C-AE2B-A4D382774A74}.Release Futaba_PPM|Win32.ActiveCfg = Release|Win32
		{7CCE7427-E4B6-405C-AE2B-A4D382774A74}.Release Futaba_PPM|Win32.Build.0 = Release|Win32
		{7CCE7427-E4B6-405C-AE2B-A4D382774A74}.Release Futaba_PPM|x64.ActiveCfg = Release|Win32
		{7CCE7427-E4B6-405C-AE2B-A4D382774A74}.Release JR_PCM|Win32.ActiveCfg = Release|Win32
		{7CCE7427-E4B6-405C-AE2B-A4D382774A74}.Release JR_PCM|Win32.Build.0 = Release|Win32
		{7CCE7427-E4B6-405C-AE2B-A4D382774A74}.Release JR_PCM|x64.ActiveCfg = Release|Win32
		{7CCE7427-E4B6-405C-AE2B-A4D382774A74}.Release JR_PPM|Win32.ActiveCfg = Release|Win32
		{7CCE7427-E4B6-405C-AE2B-A4D382774A74}.Release JR_PPM|Win32.Build.0 = Release|Win32
		{7CCE7427-E4B6-405C-AE2B-A4D382774A74}.Release JR_PPM|x64.ActiveCfg = Release|Win32
		{7CCE7427-E4B6-405C-AE2B-A4D382774A74}.Release|Win32.ActiveCfg = Release|Win32
		{7CCE7427-E4B6-405C-AE2B-A4D382774A74}.Release|Win32.Build.0 = Release|Win32
		{7CCE7427-E4B6-405C-AE2B-A4D382774A74}.Release|x64.ActiveCfg = Release|Win32
		{7CCE7427-E4B6-405C-AE2B-A4D382774A74}.Template|Win32.ActiveCfg = Template|Win32
		{7CCE7427-E4B6-405C-AE2B-A4D382774A74}.Template|Win32.Build.0 = Template|Win32
		{7CCE7427-E4B6-405C-AE2B-A4D382774A74}.Template|x64.ActiveCfg = Template|Win32
		{BB242BD9-A239-41BF-A680-74341078A2D5}.Debug Futaba_PCM|Win32.ActiveCfg = Debug|Win32
		{BB242BD9-A239-41BF-A680-74341078A2D5}.Debug Futaba_PCM|Win32.Build.0 = Debug|Win32
		{BB242BD9-A239-41BF-A680-74341078A2D5}.Debug Futaba_PCM|x64.ActiveCfg = Debug|Win32
		{BB242BD9-A239-41BF-A680-74341078A2D5}.Debug Futaba_PPM|Win32.ActiveCfg = Debug|Win32
		{BB242BD9-A239-41BF-A680-74341078A2D5}.Debug Futaba_PPM|Win32.Build.0 = Debug|Win32
		{BB242BD9-A239-41BF-A680-74341078A2D5}.Debug Futaba_PPM|x64.ActiveCfg = Debug|Win32
		{BB242BD9-A239-41BF-A680-74341078A2D5}.Debug JR_PCM|Win32.ActiveCfg = Debug|Win32
		{BB242BD9-A239-41BF-A680-74341078A2D5}.Debug JR_PCM|Win32.Build.0 = Debug|Win32
		{BB242BD9-A239-41BF-A680-74341078A2D5}.Debug JR_PCM|x64.ActiveCfg = Debug|Win32
		{BB242BD9-A239-41BF-A680-74341078A2D5}.Debug JR_PPM|Win32.ActiveCfg = Debug|Win32
		{BB242BD9-A239-41BF-A680-74341078A2D5}.Debug JR_PPM|Win32.Build.0 = Debug|Win32
		{BB242BD9-A239-41BF-A680-74341078A2D5}.Debug JR_PPM|x64.ActiveCfg = Debug|Win32
		{BB242BD9-A239-41BF-A680-74341078A2D5}.Debug|Win32.ActiveCfg = Debug|Win32
		{BB242BD9-A239-41BF-A680-74341078A2D5}.Debug|Win32.Build.0 = Debug|Win32
		{BB242BD9-A239-41BF-A680-74341078A2D5}.Debug|x64.ActiveCfg = Debug|Win32
		{BB242BD9-A239-41BF-A680-74341078A2D5}.Release Futaba_PCM|Win32.ActiveCfg = Release|Win32
		{BB242BD9-A239-41BF-A680-74341078A2D5}.Release Futaba_PCM|Win32.Build.0 = Release|Win32
		{BB242BD9-A239-41BF-A680-74341078A2D5}.Release Futaba_PCM|x64.ActiveCfg = Release|Win32
		{BB242BD9-A239-41BF-A680-74341078A2D5}.Release Futaba_PPM|Win32.ActiveCfg = Release|Win32
		{BB242BD9-A239-41BF-A680-74341078A2D5}.Release Futaba_PPM|Win32.Build.0 = Release|Win32
		{BB242BD9-A239-41BF-A680-74341078A2D5}.Release Futaba_PPM|x64.ActiveCfg = Release|Win32
		{BB242BD9-A239-41BF-A680-74341078A2D5}.Release JR_PCM|Win32.ActiveCfg = Release|Win32
		{BB242BD9-A239-41BF-A680-74341078A2D5}.Release JR_PCM|Win32.Build.0 = Release|Win32
		{BB242BD9-A239-41BF-A680-74341078A2D5}.Release JR_PCM|x64.ActiveCfg = Release|Win32
		{BB242BD9-A239-41BF-A680-74341078A2D5}.Release JR_PPM|Win32.ActiveCfg = Release|Win32
		{BB242BD9-A239-41BF-A680-74341078A2D5}.Release JR_PPM|Win32.Build.0 = Release|Win32
		{BB242BD9-A239-41BF-A680-74341078A2D5}.Release JR_PPM|x64.ActiveCfg = Release|Win32
		{BB242BD9-A239-41BF-A680-74341078A2D5}.Release|Win32.ActiveCfg = Release|Win32
		{BB242BD9-A239-41BF-A680-74341078A2D5}.Release|Win32.Build.0 = Release|Win32
		{BB242BD9-A239-41BF-A680-74341078A2D5}.Release|x64.ActiveCfg = Release|Win32
		{BB242BD9-A239-41BF-A680-74341078A2D5}.Template|Win32.ActiveCfg = Template|Win32
		{BB242BD9-A239-41BF-A680-74341078A2D5}.Template|Win32.Build.0 = Template|Win32
		{BB242BD9-A239-41BF-A680-74341078A2D5}.Template|x64.ActiveCfg = Template|Win32
		{3629BB32-DC13-4F49-9033-A9825488552B}.Debug Futaba_PCM|Win32.ActiveCfg = Debug Futaba_PCM|Win32
		{3629BB32-DC13-4F49-9033-A9825488552B}.Debug Futaba_PCM|Win32.Build.0 = Debug Futaba_PCM|Win32
		{3629BB32-DC13-4F49-9033-A9825488552B}.Debug Futaba_PCM|x64.ActiveCfg = Debug Futaba_PCM|Win32
		{3629BB32-DC13-4F49-9033-A9825488552B}.Debug Futaba_PPM|Win32.ActiveCfg = Debug Futaba_PPM|Win32
		{3629BB32-DC13-4F49-9033-A9825488552B}.Debug Futaba_PPM|Win32.Build.0 = Debug Futaba_PPM|Win32
		{3629BB32-DC13-4F49-9033-A9825488552B}.Debug Futaba_PPM|x64.ActiveCfg = Debug Futaba_PPM|Win32
		{3629BB32-DC13-4F49-9033-A9825488552B}.Debug JR_PCM|Win32.ActiveCfg = Debug JR_PCM|Win32
		{3629BB32-DC13-4F49-9033-A9825488552B}.Debug JR_PCM|Win32.Build.0 = Debug JR_PCM|Win32
		{3629BB32-DC13-4F49-9033-A9825488552B}.Debug JR_PCM|x64.ActiveCfg = Debug JR_PCM|Win32
		{3629BB32-DC13-4F49-9033-A9825488552B}.Debug JR_PPM|Win32.ActiveCfg = Debug JR_PPM|Win32
		{3629BB32-DC13-4F49-9033-A9825488552B}.Debug JR_PPM|Win32.Build.0 = Debug JR_PPM|Win32
		{3629BB32-DC13-4F49-9033-A9825488552B}.Debug JR_PPM|x64.ActiveCfg = Debug JR_PPM|Win32
		{3629BB32-DC13-4F49-9033-A9825488552B}.Debug|Win32.ActiveCfg = Debug JR_PPM|Win32
		{3629BB32-DC13-4F49-9033-A9825488552B}.Debug|Win32.Build.0 = Debug JR_PPM|Win32
		{3629BB32-DC13-4F49-9033-A9825488552B}.Debug|x64.ActiveCfg = Debug JR_PPM|Win32
		{3629BB32-DC13-4F49-9033-A9825488552B}.Release Futaba_PCM|Win32.ActiveCfg = Release Futaba_PCM|Win32
		{3629BB32-DC13-4F49-9033-A9825488552B}.Release Futaba_PCM|Win32.Build.0 = Release Futaba_PCM|Win32
		{3629BB32-DC13-4F49-9033-A9825488552B}.Release Futaba_PCM|x64.ActiveCfg = Release Futaba_PCM|Win32
		{3629BB32-DC13-4F49-9033-A9825488552B}.Release Futaba_PPM|Win32.ActiveCfg = Release Futaba_PPM|Win32
		{3629BB32-DC13-4F49-9033-A9825488552B}.Release Futaba_PPM|Win32.Build.0 = Release Futaba_PPM|Win32
		{3629BB32-DC13-4F49-9033-A9825488552B}.Release Futaba_PPM|x64.ActiveCfg = Release Futaba_PPM|Win32
		{3629BB32-DC13-4F49-9033-A9825488552B}.Release JR_PCM|Win32.ActiveCfg = Release JR_PCM|Win32
		{3629BB32-DC13-4F49-9033-A9825488552B}.Release JR_PCM|Win32.Build.0 = Release JR_PCM|Win32
		{3629BB32-DC13-4F49-9033-A9825488552B}.Release JR_PCM|x64.ActiveCfg = Release JR_PCM|Win32
		{3629BB32-DC13-4F49-9033-A9825488552B}.Release JR_PPM|Win32.ActiveCfg = Release JR_PPM|Win32
		{3629BB32-DC13-4F49-9033-A9825488552B}.Release JR_PPM|Win32.Build.0 = Release JR_PPM|Win32
		{3629BB32-DC13-4F49-9033-A9825488552B}.Release JR_PPM|x64.ActiveCfg = Release JR_PPM|Win32
		{3629BB32-DC13-4F49-9033-A9825488552B}.Release|Win32.ActiveCfg = Release JR_PPM|Win32
		{3629BB32-DC13-4F49-9033-A9825488552B}.Release|Win32.Build.0 = Release JR_PPM|Win32
		{3629BB32-DC13-4F49-9033-A9825488552B}.Release|x64.ActiveCfg = Release JR_PPM|Win32
		{3629BB32-DC13-4F49-9033-A9825488552B}.Template|Win32.ActiveCfg = Release JR_PPM|Win32
		{3629BB32-DC13-4F49-9033-A9825488552B}.Template|Win32.Build.0 = Release JR_PPM|Win32
		{3629BB32-DC13-4F49-9033-A9825488552B}.Template|x64.ActiveCfg = Release JR_PPM|Win32
		{CAF47B1E-A1C6-4C67-BFFB-6DC46E626588}.Debug Futaba_PCM|Win32.ActiveCfg = Debug|Win32
		{CAF47B1E-A1C6-4C67-BFFB-6DC46E626588}.Debug Futaba_PCM|Win32.Build.0 = Debug|Win32
		{CAF47B1E-A1C6-4C67-BFFB-6DC46E626588}.Debug Futaba_PCM|x64.ActiveCfg = Debug|Win32
		{CAF47B1E-A1C6-4C67-BFFB-6DC46E626588}.Debug Futaba_PPM|Win32.ActiveCfg = Debug|Win32
		{CAF47B1E-A1C6-4C67-BFFB-6DC46E626588}.Debug Futaba_PPM|Win32.Build.0 = Debug|Win32
		{CAF47B1E-A1C6-4C67-BFFB-6DC46E626588}.Debug Futaba_PPM|x64.ActiveCfg = Debug|Win32
		{CAF47B1E-A1C6-4C67-BFFB-6DC46E626588}.Debug JR_PCM|Win32.ActiveCfg = Debug|Win32
		{CAF47B1E-A1C6-4C67-BFFB-6DC46E626588}.Debug JR_PCM|Win32.Build.0 = Debug|Win32
		{CAF47B1E-A1C6-4C67-BFFB-6DC46E626588}.Debug JR_PCM|x64.ActiveCfg = Debug|Win32
		{CAF47B1E-A1C6-4C67-BFFB-6DC46E626588}.Debug JR_PPM|Win32.ActiveCfg = Debug|Win32
		{CAF47B1E-A1C6-4C67-BFFB-6DC46E626588}.Debug JR_PPM|Win32.Build.0 = Debug|Win32
		{CAF47B1E-A1C6-4C67-BFFB-6DC46E626588}.Debug JR_PPM|x64.ActiveCfg = Debug|Win32
		{CAF47B1E-A1C6-4C67-BFFB-6DC46E626588}.Debug|Win32.ActiveCfg = Debug|Win32
		{CAF47B1E-A1C6-4C67-BFFB-6DC46E626588}.Debug|Win32.Build.0 = Debug|Win32
		{CAF47B1E-A1C6-4C67-BFFB-6DC46E626588}.Debug|x64.ActiveCfg = Debug|Win32
		{CAF47B1E-A1C6-4C67-BFFB-6DC46E626588}.Release Futaba_PCM|Win32.ActiveCfg = Release|Win32
		{CAF47B1E-A1C6-4C67-BFFB-6DC46E626588}.Release Futaba_PCM|Win32.Build.0 = Release|Win32
		{CAF47B1E-A1C6-4C67-BFFB-6DC46E626588}.Release Futaba_PCM|x64.ActiveCfg = Release|Win32
		{CAF47B1E-A1C6-4C67-BFFB-6DC46E626588}.Release Futaba_PPM|Win32.ActiveCfg = Release|Win32
		{CAF47B1E-A1C6-4C67-BFFB-6DC46E626588}.Release Futaba_PPM|Win32.Build.0 = Release|Win32
		{CAF47B1E-A1C6-4C67-BFFB-6DC46E626588}.Release Futaba_PPM|x64.ActiveCfg = Release|Win32
		{CAF47B1E-A1C6-4C67-BFFB-6DC46E626588}.Release JR_PCM|Win32.ActiveCfg = Release|Win32
		{CAF47B1E-A1C6-4C67-BFFB-6DC46E626588}.Release JR_PCM|Win32.Build.0 = Release|Win32
		{CAF47B1E-A1C6-4C67-BFFB-6DC46E626588}.Release JR_PCM|x64.ActiveCfg = Release|Win32
		{CAF47B1E-A1C6-4C67-BFFB-6DC46E626588}.Release JR_PPM|Win32.ActiveCfg = Release|Win32
		{CAF47B1E-A1C6-4C67-BFFB-6DC46E626588}.Release JR_PPM|Win32.Build.0 = Release|Win32
		{CAF47B1E-A1C6-4C67-BFFB-6DC46E626588}.Release JR_PPM|x64.ActiveCfg = Release|Win32
		{CAF47B1E-A1C6-4C67-BFFB-6DC46E626588}.Release|Win32.ActiveCfg = Release|Win32
		{CAF47B1E-A1C6-4C67-BFFB-6DC46E626588}.Release|Win32.Build.0 = Release|Win32
		{CAF47B1E-A1C6-4C67-BFFB-6DC46E626588}.Release|x64.ActiveCfg = Release|Win32
		{CAF47B1E-A1C6-4C67-BFFB-6DC46E626588}.Template|Win32.ActiveCfg = Release|Win32
		{CAF47B1E-A1C6-4C67-BFFB-6DC46E626588}.Template|Win32.Build.0 = Release|Win32
		{CAF47B1E-A1C6-4C67-BFFB-6DC46E626588}.Template|x64.ActiveCfg = Release|Win32
		{35AFB6EF-84D4-4C61-AED5-C98D369BEE4C}.Debug Futaba_PCM|Win32.ActiveCfg = Debug|x64
		{35AFB6EF-84D4-4C61-AED5-C98D369BEE4C}.Debug Futaba_PCM|x64.ActiveCfg = Debug|x64
		{35AFB6EF-84D4-4C61-AED5-C98D369BEE4C}.Debug Futaba_PCM|x64.Build.0 = Debug|x64
		{35AFB6EF-84D4-4C61-AED5-C98D369BEE4C}.Debug Futaba_PPM|Win32.ActiveCfg = Debug|x64
		{35AFB6EF-84D4-4C61-AED5-C98D369BEE4C}.Debug Futaba_PPM|x64.ActiveCfg = Debug|x64
		{35AFB6EF-84D4-4C61-AED5-C98D369BEE4C}.Debug Futaba_PPM|x64.Build.0 = Debug|x64
		{35AFB6EF-84D4-4C61-AED5-C98D369BEE4C}.Debug JR_PCM|Win32.ActiveCfg = Debug|x64
		{35AFB6EF-84D4-4C61-AED5-C98D369BEE4C}.Debug JR_PCM|x64.ActiveCfg = Debug|x64
		{35AFB6EF-84D4-4C61-AED5-C98D369BEE4C}.Debug JR_PCM|x64.Build.0 = Debug|x64
		{35AFB6EF-84D4-4C61-AED5-C98D369BEE4C}.Debug JR_PPM|Win32.ActiveCfg = Debug|x64
		{35AFB6EF-84D4-4C61-AED5-C98D369BEE4C}.Debug JR_PPM|x64.ActiveCfg = Debug|x64
		{35AFB6EF-84D4-4C61-AED5-C98D369BEE4C}.Debug JR_PPM|x64.Build.0 = Debug|x64
		{35AFB6EF-84D4-4C61-AED5-C98D369BEE4C}.Debug|Win32.ActiveCfg = Debug|Win32
		{35AFB6EF-84D4-4C61-AED5-C98D369BEE4C}.Debug|Win32.Build.0 = Debug|Win32
		{35AFB6EF-84D4-4C61-AED5-C98D369BEE4C}.Debug|x64.ActiveCfg = Debug|x64
		{35AFB6EF-84D4-4C61-AED5-C98D369BEE4C}.Debug|x64.Build.0 = Debug|x64
		{35AFB6EF-84D4-4C61-AED5-C98D369BEE4C}.Release Futaba_PCM|Win32.ActiveCfg = Release|x64
		{35AFB6EF-84D4-4C61-AED5-C98D369BEE4C}.Release Futaba_PCM|x64.ActiveCfg = Release|x64
		{35AFB6EF-84D4-4C61-AED5-C98D369BEE4C}.Release Futaba_PCM|x64.Build.0 = Release|x64
		{35AFB6EF-84D4-4C61-AED5-C98D369BEE4C}.Release Futaba_PPM|Win32.ActiveCfg = Release|x64
		{35AFB6EF-84D4-4C61-AED5-C98D369BEE4C}.Release Futaba_PPM|x64.ActiveCfg = Release|x64
		{35AFB6EF-84D4-4C61-AED5-C98D369BEE4C}.Release Futaba_PPM|x64.Build.0 = Release|x64
		{35AFB6EF-84D4-4C61-AED5-C98D369BEE4C}.Release JR_PCM|Win32.ActiveCfg = Release|x64
		{35AFB6EF-84D4-4C61-AED5-C98D369BEE4C}.Release JR_PCM|x64.ActiveCfg = Release|x64
		{35AFB6EF-84D4-4C61-AED5-C98D369BEE4C}.Release JR_PCM|x64.Build.0 = Release|x64
		{35AFB6EF-84D4-4C61-AED5-C98D369BEE4C}.Release JR_PPM|Win32.ActiveCfg = Release|x64
		{35AFB6EF-84D4-4C61-AED5-C98D369BEE4C}.Release JR_PPM|x64.ActiveCfg = Release|x64
		{35AFB6EF-84D4-4C61-AED5-C98D369BEE4C}.Release JR_PPM|x64.Build.0 = Release|x64
		{35AFB6EF-84D4-4C61-AED5-C98D369BEE4C}.Release|Win32.ActiveCfg = Release|Win32
		{35AFB6EF-84D4-4C61-AED5-C98D369BEE4C}.Release|Win32.Build.0 = Release|Win32
		{35AFB6EF-84D4-4C61-AED5-C98D369BEE4C}.Release|x64.ActiveCfg = Release|x64
		{35AFB6EF-84D4-4C61-AED5-C98D369BEE4C}.Release|x64.Build.0 = Release|x64
		{35AFB6EF-84D4-4C61-AED5-C98D369BEE4C}.Template|Win32.ActiveCfg = Release|x64
		{35AFB6EF-84D4-4C61-AED5-C98D369BEE4C}.Template|x64.ActiveCfg = Release|x64
		{35AFB6EF-84D4-4C61-AED5-C98D369BEE4C}.Template|x64.Build.0 = Release|x64
		{D1C20E8E-FEA1-4E29-ACC5-9F0E0AEB9F03}.Debug Futaba_PCM|Win32.ActiveCfg = Debug|Win32
		{D1C20E8E-FEA1-4E29-ACC5-9F0E0AEB9F03}.Debug Futaba_PCM|Win32.Build.0 = Debug|Win32
		{D1C20E8E-FEA1-4E29-ACC5-9F0E0AEB9F03}.Debug Futaba_PCM|x64.ActiveCfg = Debug|Win32
		{D1C20E8E-FEA1-4E29-ACC5-9F0E0AEB9F03}.Debug Futaba_PPM|Win32.ActiveCfg = Debug|Win32
		{D1C20E8E-FEA1-4E29-ACC5-9F0E0AEB9F03}.Debug Futaba_PPM|Win32.Build.0 = Debug|Win32
		{D1C20E8E-FEA1-4E29-ACC5-9F0E0AEB9F03}.Debug Futaba_PPM|x64.ActiveCfg = Debug|Win32
		{D1C20E8E-FEA1-4E29-ACC5-9F0E0AEB9F03}.Debug JR_PCM|Win32.ActiveCfg = Debug|Win32
		{D1C20E8E-FEA1-4E29-ACC5-9F0E0AEB9F03}.Debug JR_PCM|Win32.Build.0 = Debug|Win32
		{D1C20E8E-FEA1-4E29-ACC5-9F0E0AEB9F03}.Debug JR_PCM|x64.ActiveCfg = Debug|Win32
		{D1C20E8E-FEA1-4E29-ACC5-9F0E0AEB9F03}.Debug JR_PPM|Win32.ActiveCfg = Debug|Win32
		{D1C20E8E-FEA1-4E29-ACC5-9F0E0AEB9F03}.Debug JR_PPM|Win32.Build.0 = Debug|Win32
		{D1C20E8E-FEA1-4E29-ACC5-9F0E0AEB9F03}.Debug JR_PPM|x64.ActiveCfg = Debug|Win32
		{D1C20E8E-FEA1-4E29-ACC5-9F0E0AEB9F03}.Debug|Win32.ActiveCfg = Debug|Win32
		{D1C20E8E-FEA1-4E29-ACC5-9F0E0AEB9F03}.Debug|Win32.Build.0 = Debug|Win32
		{D1C20E8E-FEA1-4E29-ACC5-9F0E0AEB9F03}.Debug|x64.ActiveCfg = Debug|Win32
		{D1C20E8E-FEA1-4E29-ACC5-9F0E0AEB9F03}.Release Futaba_PCM|Win32.ActiveCfg = Release|Win32
		{D1C20E8E-FEA1-4E29-ACC5-9F0E0AEB9F03}.Release Futaba_PCM|Win32.Build.0 = Release|Win32
		{D1C20E8E-FEA1-4E29-ACC5-9F0E0AEB9F03}.Release Futaba_PCM|x64.ActiveCfg = Release|Win32
		{D1C20E8E-FEA1-4E29-ACC5-9F0E0AEB9F03}.Release Futaba_PPM|Win32.ActiveCfg = Release|Win32
		{D1C20E8E-FEA1-4E29-ACC5-9F0E0AEB9F03}.Release Futaba_PPM|Win32.Build.0 = Release|Win32
		{D1C20E8E-FEA1-4E29-ACC5-9F0E0AEB9F03}.Release Futaba_PPM|x64.ActiveCfg = Release|Win32
		{D1C20E8E-FEA1-4E29-ACC5-9F0E0AEB9F03}.Release JR_PCM|Win32.ActiveCfg = Release|Win32
		{D1C20E8E-FEA1-4E29-ACC5-9F0E0AEB9F03}.Release JR_PCM|Win32.Build.0 = Release|Win32
		{D1C20E8E-FEA1-4E29-ACC5-9F0E0AEB9F03}.Release JR_PCM|x64.ActiveCfg = Release|Win32
		{D1C20E8E-FEA1-4E29-ACC5-9F0E0AEB9F03}.Release JR_PPM|Win32.ActiveCfg = Release|Win32
		{D1C20E8E-FEA1-4E29-ACC5-9F0E0AEB9F03}.Release JR_PPM|Win32.Build.0 = Release|Win32
		{D1C20E8E-FEA1-4E29-ACC5-9F0E0AEB9F03}.Release JR_PPM|x64.ActiveCfg = Release|Win32
		{D1C20E8E-FEA1-4E29-ACC5-9F0E0AEB9F03}.Release|Win32.ActiveCfg = Release|Win32
		{D1C20E8E-FEA1-4E29-ACC5-9F0E0AEB9F03}.Release|Win32.Build.0 = Release|Win32
		{D1C20E8E-FEA1-4E29-ACC5-9F0E0AEB9F03}.Release|x64.ActiveCfg = Release|Win32
		{D1C20E8E-FEA1-4E29-ACC5-9F0E0AEB9F03}.Template|Win32.ActiveCfg = Release|Win32
		{D1C20E8E-FEA1-4E29-ACC5-9F0E0AEB9F03}.Template|Win32.Build.0 = Release|Win32
		{D1C20E8E-FEA1-4E29-ACC5-9F0E0AEB9F03}.Template|x64.ActiveCfg = Release|Win32
		{01A39A44-0A37-442E-889A-8CC652D29C2F}.Debug Futaba_PCM|Win32.ActiveCfg = Debug|Win32
		{01A39A44-0A37-442E-889A-8CC652D29C2F}.Debug Futaba_PCM|Win32.Build.0 = Debug|Win32
		{01A39A44-0A37-442E-889A-8CC652D29C2F}.Debug Futaba_PCM|x64.ActiveCfg = Debug|Win32
		{01A39A44-0A37-442E-889A-8CC652D29C2F}.Debug Futaba_PPM|Win32.ActiveCfg = Debug|Win32
		{01A39A44-0A37-442E-889A-8CC652D29C2F}.Debug Futaba_PPM|Win32.Build.0 = Debug|Win32
		{01A39A44-0A37-442E-889A-8CC652D29C2F}.Debug Futaba_PPM|x64.ActiveCfg = Debug|Win32
		{01A39A44-0A37-442E-889A-8CC652D29C2F}.Debug JR_PCM|Win32.ActiveCfg = Debug|Win32
		{01A39A44-0A37-442E-889A-8CC652D29C2F}.Debug JR_PCM|Win32.Build.0 = Debug|Win32
		{01A39A44-0A37-442E-889A-8CC652D29C2F}.Debug JR_PCM|x64.ActiveCfg = Debug|Win32
		{01A39A44-0A37-442E-889A-8CC652D29C2F}.Debug JR_PPM|Win32.ActiveCfg = Debug|Win32
		{01A39A44-0A37-442E-889A-8CC652D29C2F}.Debug JR_PPM|Win32.Build.0 = Debug|Win32
		{01A39A44-0A37-442E-889A-8CC652D29C2F}.Debug JR_PPM|x64.ActiveCfg = Debug|Win32
		{01A39A44-0A37-442E-889A-8CC652D29C2F}.Debug|Win32.ActiveCfg = Debug|Win32
		{01A39A44-0A37-442E-889A-8CC652D29C2F}.Debug|Win32.Build.0 = Debug|Win32
		{01A39A44-0A37-442E-889A-8CC652D29C2F}.Debug|x64.ActiveCfg = Debug|Win32
		{01A39A44-0A37-442E-889A-8CC652D29C2F}.Release Futaba_PCM|Win32.ActiveCfg = Release|Win32
		{01A39A44-0A37-442E-889A-8CC652D29C2F}.Release Futaba_PCM|Win32.Build.0 = Release|Win32
		{01A39A44-0A37-442E-889A-8CC652D29C2F}.Release Futaba_PCM|x64.ActiveCfg = Release|Win32
		{01A39A44-0A37-442E-889A-8CC652D29C2F}.Release Futaba_PPM|Win32.ActiveCfg = Release|Win32
		{01A39A44-0A37-442E-889A-8CC652D29C2F}.Release Futaba_PPM|Win32.Build.0 = Release|Win32
		{01A39A44-0A37-442E-889A-8CC652D29C2F}.Release Futaba_PPM|x64.ActiveCfg = Release|Win32
		{01A39A44-0A37-442E-889A-8CC652D29C2F}.Release JR_PCM|Win32.ActiveCfg = Release|Win32
		{01A39A44-0A37-442E-889A-8CC652D29C2F}.Release JR_PCM|Win32.Build.0 = Release|Win32
		{01A39A44-0A37-442E-889A-8CC652D29C2F}.Release JR_PCM|x64.ActiveCfg = Release|Win32
		{01A39A44-0A37-442E-889A-8CC652D29C2F}.Release JR_PPM|Win32.ActiveCfg = Release|Win32
		{01A39A44-0A37-442E-889A-8CC652D29C2F}.Release JR_PPM|Win32.Build.0 = Release|Win32
		{01A39A44-0A37-442E-889A-8CC652D29C2F}.Release JR_PPM|x64.ActiveCfg = Release|Win32
		{01A39A44-0A37-442E-889A-8CC652D29C2F}.Release|Win32.ActiveCfg = Release|Win32
		{01A39A44-0A37-442E-889A-8CC652D29C2F}.Release|Win32.Build.0 = Release|Win32
		{01A39A44-0A37-442E-889A-8CC652D29C2F}.Release|x64.ActiveCfg = Release|Win32
		{01A39A44-0A37-442E-889A-8CC652D29C2F}.Template|Win32.ActiveCfg = Release|Win32
		{01A39A44-0A37-442E-889A-8CC652D29C2F}.Template|Win32.Build.0 = Release|Win32
		{01A39A44-0A37-442E-889A-8CC652D29C2F}.Template|x64.ActiveCfg = Release|Win32
		{A38D6F1F-9A3E-4D5E-A4C3-D8B8EB8EB2FA}.Debug Futaba_PCM|Win32.ActiveCfg = Debug|Win32
		{A38D6F1F-9A3E-4D5E-A4C3-D8B8EB8EB2FA}.Debug Futaba_PCM|Win32.Build.0 = Debug|Win32
		{A38D6F1F-9A3E-4D5E-A4C3-D8B8EB8EB2FA}.Debug Futaba_PCM|x64.ActiveCfg = Debug|Win32
		{A38D6F1F-9A3E-4D5E-A4C3-D8B8EB8EB2FA}.Debug Futaba_PPM|Win32.ActiveCfg = Debug|Win32
		{A38D6F1F-9A3E-4D5E-A4C3-D8B8EB8EB2FA}.Debug Futaba_PPM|Win32.Build.0 = Debug|Win32
		{A38D6F1F-9A3E-4D5E-A4C3-D8B8EB8EB2FA}.Debug Futaba_PPM|x64.ActiveCfg = Debug|Win32
		{A38D6F1F-9A3E-4D5E-A4C3-D8B8EB8EB2FA}.Debug JR_PCM|Win32.ActiveCfg = Debug|Win32
		{A38D6F1F-9A3E-4D5E-A4C3-D8B8EB8EB2FA}.Debug JR_PCM|Win32.Build.0 = Debug|Win32
		{A38D6F1F-9A3E-4D5E-A4C3-D8B8EB8EB2FA}.Debug JR_PCM|x64.ActiveCfg = Debug|Win32
		{A38D6F1F-9A3E-4D5E-A4C3-D8B8EB8EB2FA}.Debug JR_PPM|Win32.ActiveCfg = Debug|Win32
		{A38D6F1F-9A3E-4D5E-A4C3-D8B8EB8EB2FA}.Debug JR_PPM|Win32.Build.0 = Debug|Win32
		{A38D6F1F-9A3E-4D5E-A4C3-D8B8EB8EB2FA}.Debug JR_PPM|x64.ActiveCfg = Debug|Win32
		{A38D6F1F-9A3E-4D5E-A4C3-D8B8EB8EB2FA}.Debug|Win32.ActiveCfg = Debug|Win32
		{A38D6F1F-9A3E-4D5E-A4C3-D8B8EB8EB2FA}.Debug|Win32.Build.0 = Debug|Win32
		{A38D6F1F-9A3E-4D5E-A4C3-D8B8EB8EB2FA}.Debug|x64.ActiveCfg = Debug|Win32
		{A38D6F1F-9A3E-4D5E-A4C3-D8B8EB8EB2FA}.Release Futaba_PCM|Win32.ActiveCfg = Release|Win32
		{A38D6F1F-9A3E-4D5E-A4C3-D8B8EB8EB2FA}.Release Futaba_PCM|Win32.Build.0 = Release|Win32
		{A38D6F1F-9A3E-4D5E-A4C3-D8B8EB8EB2FA}.Release Futaba_PCM|x64.ActiveCfg = Release|Win32
		{A38D6F1F-9A3E-4D5E-A4C3-D8B8EB8EB2FA}.Release Futaba_PPM|Win32.ActiveCfg = Release|Win32
		{A38D6F1F-9A3E-4D5E-A4C3-D8B8EB8EB2FA}.Release Futaba_PPM|Win32.Build.0 = Release|Win32
		{A38D6F1F-9A3E-4D5E-A4C3-D8B8EB8EB2FA}.Release Futaba_PPM|x64.ActiveCfg = Release|Win32
		{A38D6F1F-9A3E-4D5E-A4C3-D8B8EB8EB2FA}.Release JR_PCM|Win32.ActiveCfg = Release|Win32
		{A38D6F1F-9A3E-4D5E-A4C3-D8B8EB8EB2FA}.Release JR_PCM|Win32.Build.0 = Release|Win32
		{A38D6F1F-9A3E-4D5E-A4C3-D8B8EB8EB2FA}.Release JR_PCM|x64.ActiveCfg = Release|Win32
		{A38D6F1F-9A3E-4D5E-A4C3-D8B8EB8EB2FA}.Release JR_PPM|Win32.ActiveCfg = Release|Win32
		{A38D6F1F-9A3E-4D5E-A4C3-D8B8EB8EB2FA}.Release JR_PPM|Win32.Build.0 = Release|Win32
		{A38D6F1F-9A3E-4D5E-A4C3-D8B8EB8EB2FA}.Release JR_PPM|x64.ActiveCfg = Release|Win32
		{A38D6F1F-9A3E-4D5E-A4C3-D8B8EB8EB2FA}.Release|Win32.ActiveCfg = Release|Win32
		{A38D6F1F-9A3E-4D5E-A4C3-D8B8EB8EB2FA}.Release|Win32.Build.0 = Release|Win32
		{A38D6F1F-9A3E-4D5E-A4C3-D8B8EB8EB2FA}.Release|x64.ActiveCfg = Release|Win32
		{A38D6F1F-9A3E-4D5E-A4C3-D8B8EB8EB2FA}.Template|Win32.ActiveCfg = Release|Win32
		{A38D6F1F-9A3E-4D5E-A4C3-D8B8EB8EB2FA}.Template|Win32.Build.0 = Release|Win32
		{A38D6F1F-9A3E-4D5E-A4C3-D8B8EB8EB2FA}.Template|x64.ActiveCfg = Release|Win32
		{83B6F7DC-CE84-40E7-991D-AF7CC0B068A9}.Debug Futaba_PCM|Win32.ActiveCfg = Debug|Win32
		{83B6F7DC-CE84-40E7-991D-AF7CC0B068A9}.Debug Futaba_PCM|Win32.Build.0 = Debug|Win32
		{83B6F7DC-CE84-40E7-991D-AF7CC0B068A9}.Debug Futaba_PCM|x64.ActiveCfg = Debug|Win32
		{83B6F7DC-CE84-40E7-991D-AF7CC0B068A9}.Debug Futaba_PPM|Win32.ActiveCfg = Debug|Win32
		{83B6F7DC-CE84-40E7-991D-AF7CC0B068A9}.Debug Futaba_PPM|Win32.Build.0 = Debug|Win32
		{83B6F7DC-CE84-40E7-991D-AF7CC0B068A9}.Debug Futaba_PPM|x64.ActiveCfg = Debug|Win32
		{83B6F7DC-CE84-40E7-991D-AF7CC0B068A9}.Debug JR_PCM|Win32.ActiveCfg = Debug|Win32
		{83B6F7DC-CE84-40E7-991D-AF7CC0B068A9}.Debug JR_PCM|Win32.Build.0 = Debug|Win32
		{83B6F7DC-CE84-40E7-991D-AF7CC0B068A9}.Debug JR_PCM|x64.ActiveCfg = Debug|Win32
		{83B6F7DC-CE84-40E7-991D-AF7CC0B068A9}.Debug JR_PPM|Win32.ActiveCfg = Debug|Win32
		{83B6F7DC-CE84-40E7-991D-AF7CC0B068A9}.Debug JR_PPM|Win32.Build.0 = Debug|Win32
		{83B6F7DC-CE84-40E7-991D-AF7CC0B068A9}.Debug JR_PPM|x64.ActiveCfg = Debug|Win32
		{83B6F7DC-CE84-40E7-991D-AF7CC0B068A9}.Debug|Win32.ActiveCfg = Debug|Win32
		{83B6F7DC-CE84-40E7-991D-AF7CC0B068A9}.Debug|Win32.Build.0 = Debug|Win32
		{83B6F7DC-CE84-40E7-991D-AF7CC0B068A9}.Debug|x64.ActiveCfg = Debug|Win32
		{83B6F7DC-CE84-40E7-991D-AF7CC0B068A9}.Release Futaba_PCM|Win32.ActiveCfg = Release|Win32
		{83B6F7DC-CE84-40E7-991D-AF7CC0B068A9}.Release Futaba_PCM|Win32.Build.0 = Release|Win32
		{83B6F7DC-CE84-40E7-991D-AF7CC0B068A9}.Release Futaba_PCM|x64.ActiveCfg = Release|Win32
		{83B6F7DC-CE84-40E7-991D-AF7CC0B068A9}.Release Futaba_PPM|Win32.ActiveCfg = Release|Win32
		{83B6F7DC-CE84-40E7-991D-AF7CC0B068A9}.Release Futaba_PPM|Win32.Build.0 = Release|Win32
		{83B6F7DC-CE84-40E7-991D-AF7CC0B068A9}.Release Futaba_PPM|x64.ActiveCfg = Release|Win32
		{83B6F7DC-CE84-40E7-991D-AF7CC0B068A9}.Release JR_PCM|Win32.ActiveCfg = Release|Win32
		{83B6F7DC-CE84-40E7-991D-AF7CC0B068A9}.Release JR_PCM|Win32.Build.0 = Release|Win32
		{83B6F7DC-CE84-40E7-991D-AF7CC0B068A9}.Release JR_PCM|x64.ActiveCfg = Release|Win32
		{83B6F7DC-CE84-40E7-991D-AF7CC0B068A9}.Release JR_PPM|Win32.ActiveCfg = Release|Win32
		{83B6F7DC-CE84-40E7-991D-AF7CC0B068A9}.Release JR_PPM|Win32.Build.0 = Release|Win32
		{83B6F7DC-CE84-40E7-991D-AF7CC0B068A9}.Release JR_PPM|x64.ActiveCfg = Release|Win32
		{83B6F7DC-CE84-40E7-991D-AF7CC0B068A9}.Release|Win32.ActiveCfg = Release|Win32
		{83B6F7DC-CE84-40E7-991D-AF7CC0B068A9}.Release|Win32.Build.0 = Release|Win32
		{83B6F7DC-CE84-40E7-991D-AF7CC0B068A9}.Release|x64.ActiveCfg = Release|Win32
		{83B6F7DC-CE84-40E7-991D-AF7CC0B068A9}.Template|Win32.ActiveCfg = Release|Win32
		{83B6F7DC-CE84-40E7-991D-AF7CC0B068A9}.Template|Win32.Build.0 = Release|Win32
		{83B6F7DC-CE84-40E7-991D-AF7CC0B068A9}.Template|x64.ActiveCfg = Release|Win32
		{927F490D-13E2-48CD-A841-363BD8815D70}.Debug Futaba_PCM|Win32.ActiveCfg = Debug|Win32
		{927F490D-13E2-48CD-A841-363BD8815D70}.Debug Futaba_PCM|Win32.Build.0 = Debug|Win32
		{927F490D-13E2-48CD-A841-363BD8815D70}.Debug Futaba_PCM|x64.ActiveCfg = Debug|Win32
		{927F490D-13E2-48CD-A841-363BD8815D70}.Debug Futaba_PPM|Win32.ActiveCfg = Debug|Win32
		{927F490D-13E2-48CD-A841-363BD8815D70}.Debug Futaba_PPM|Win32.Build.0 = Debug|Win32
		{927F490D-13E2-48CD-A841-363BD8815D70}.Debug Futaba_PPM|x64.ActiveCfg = Debug|Win32
		{927F490D-13E2-48CD-A841-363BD8815D70}.Debug JR_PCM|Win32.ActiveCfg = Debug|Win32
		{927F490D-13E2-48CD-A841-363BD8815D70}.Debug JR_PCM|Win32.Build.0 = Debug|Win32
		{927F490D-13E2-48CD-A841-363BD8815D70}.Debug JR_PCM|x64.ActiveCfg = Debug|Win32
		{927F490D-13E2-48CD-A841-363BD8815D70}.Debug JR_PPM|Win32.ActiveCfg = Debug|Win32
		{927F490D-13E2-48CD-A841-363BD8815D70}.Debug JR_PPM|Win32.Build.0 = Debug|Win32
		{927F490D-13E2-48CD-A841-363BD8815D70}.Debug JR_PPM|x64.ActiveCfg = Debug|Win32
		{927F490D-13E2-48CD-A841-363BD8815D70}.Debug|Win32.ActiveCfg = Debug|Win32
		{927F490D-13E2-48CD-A841-363BD8815D70}.Debug|Win32.Build.0 = Debug|Win32
		{927F490D-13E2-48CD-A841-363BD8815D70}.Debug|x64.ActiveCfg = Debug|Win32
		{927F490D-13E2-48CD-A841-363BD8815D70}.Release Futaba_PCM|Win32.ActiveCfg = Release|Win32
		{927F490D-13E2-48CD-A841-363BD8815D70}.Release Futaba_PCM|Win32.Build.0 = Release|Win32
		{927F490D-13E2-48CD-A841-363BD8815D70}.Release Futaba_PCM|x64.ActiveCfg = Release|Win32
		{927F490D-13E2-48CD-A841-363BD8815D70}.Release Futaba_PPM|Win32.ActiveCfg = Release|Win32
		{927F490D-13E2-48CD-A841-363BD8815D70}.Release Futaba_PPM|Win32.Build.0 = Release|Win32
		{927F490D-13E2-48CD-A841-363BD8815D70}.Release Futaba_PPM|x64.ActiveCfg = Release|Win32
		{927F490D-13E2-48CD-A841-363BD8815D70}.Release JR_PCM|Win32.ActiveCfg = Release|Win32
		{927F490D-13E2-48CD-A841-363BD8815D70}.Release JR_PCM|Win32.Build.0 = Release|Win32
		{927F490D-13E2-48CD-A841-363BD8815D70}.Release JR_PCM|x64.ActiveCfg = Release|Win32
		{927F490D-13E2-48CD-A841-363BD8815D70}.Release JR_PPM|Win32.ActiveCfg = Release|Win32
		{927F490D-13E2-48CD-A841-363BD8815D70}.Release JR_PPM|Win32.Build.0 = Release|Win32
		{927F490D-13E2-48CD-A841-363BD8815D70}.Release JR_PPM|x64.ActiveCfg = Release|Win32
		{927F490D-13E2-48CD-A841-363BD8815D70}.Release|Win32.ActiveCfg = Release|Win32
		{927F490D-13E2-48CD-A841-363BD8815D70}.Release|Win32.Build.0 = Release|Win32
		{927F490D-13E2-48CD-A841-363BD8815D70}.Release|x64.ActiveCfg = Release|Win32
		{927F490D-13E2-48CD-A841-363BD8815D70}.Template|Win32.ActiveCfg = Release|Win32
		{927F490D-13E2-48CD-A841-363BD8815D70}.Template|Win32.Build.0 = Release|Win32
		{927F490D-13E2-48CD-A841-363BD8815D70}.Template|x64.ActiveCfg = Release|Win32
		{00FDD34E-5A9D-481E-9824-EAAF4F6381E4}.Debug Futaba_PCM|Win32.ActiveCfg = Debug|Win32
		{00FDD34E-5A9D-481E-9824-EAAF4F6381E4}.Debug Futaba_PCM|Win32.Build.0 = Debug|Win32
		{00FDD34E-5A9D-481E-9824-EAAF4F6381E4}.Debug Futaba_PCM|x64.ActiveCfg = Debug|Win32
		{00FDD34E-5A9D-481E-9824-EAAF4F6381E4}.Debug Futaba_PPM|Win32.ActiveCfg = Debug|Win32
		{00FDD34E-5A9D-481E-9824-EAAF4F6381E4}.Debug Futaba_PPM|Win32.Build.0 = Debug|Win32
		{00FDD34E-5A9D-481E-9824-EAAF4F6381E4}.Debug Futaba_PPM|x64.ActiveCfg = Debug|Win32
		{00FDD34E-5A9D-481E-9824-EAAF4F6381E4}.Debug JR_PCM|Win32.ActiveCfg = Debug|Win32
		{00FDD34E-5A9D-481E-9824-EAAF4F6381E4}.Debug JR_PCM|Win32.Build.0 = Debug|Win32
		{00FDD34E-5A9D-481E-9824-EAAF4F6381E4}.Debug JR_PCM|x64.ActiveCfg = Debug|Win32
		{00FDD34E-5A9D-481E-9824-EAAF4F6381E4}.Debug JR_PPM|Win32.ActiveCfg = Debug|Win32
		{00FDD34E-5A9D-481E-9824-EAAF4F6381E4}.Debug JR_PPM|Win32.Build.0 = Debug|Win32
		{00FDD34E-5A9D-481E-9824-EAAF4F6381E4}.Debug JR_PPM|x64.ActiveCfg = Debug|Win32
		{00FDD34E-5A9D-481E-9824-EAAF4F6381E4}.Debug|Win32.ActiveCfg = Debug|Win32
		{00FDD34E-5A9D-481E-9824-EAAF4F6381E4}.Debug|Win32.Build.0 = Debug|Win32
		{00FDD34E-5A9D-481E-9824-EAAF4F6381E4}.Debug|x64.ActiveCfg = Debug|Win32
		{00FDD34E-5A9D-481E-9824-EAAF4F6381E4}.Release Futaba_PCM|Win32.ActiveCfg = Release|Win32
		{00FDD34E-5A9D-481E-9824-EAAF4F6381E4}.Release Futaba_PCM|Win32.Build.0 = Release|Win32
		{00FDD34E-5A9D-481E-9824-EAAF4F6381E4}.Release Futaba_PCM|x64.ActiveCfg = Release|Win32
		{00FDD34E-5A9D-481E-9824-EAAF4F6381E4}.Release Futaba_PPM|Win32.ActiveCfg = Release|Win32
		{00FDD34E-5A9D-481E-9824-EAAF4F6381E4}.Release Futaba_PPM|Win32.Build.0 = Release|Win32
		{00FDD34E-5A9D-481E-9824-EAAF4F6381E4}.Release Futaba_PPM|x64.ActiveCfg = Release|Win32
		{00FDD34E-5A9D-481E-9824-EAAF4F6381E4}.Release JR_PCM|Win32.ActiveCfg = Release|Win32
		{00FDD34E-5A9D-481E-9824-EAAF4F6381E4}.Release JR_PCM|Win32.Build.0 = Release|Win32
		{00FDD34E-5A9D-481E-9824-EAAF4F6381E4}.Release JR_PCM|x64.ActiveCfg = Release|Win32
		{00FDD34E-5A9D-481E-9824-EAAF4F6381E4}.Release JR_PPM|Win32.ActiveCfg = Release|Win32
		{00FDD34E-5A9D-481E-9824-EAAF4F6381E4}.Release JR_PPM|Win32.Build.0 = Release|Win32
		{00FDD34E-5A9D-481E-9824-EAAF4F6381E4}.Release JR_PPM|x64.ActiveCfg = Release|Win32
		{00FDD34E-5A9D-481E-9824-EAAF4F6381E4}.Release|Win32.ActiveCfg = Release|Win32
		{00FDD34E-5A9D-481E-9824-EAAF4F6381E4}.Release|Win32.Build.0 = Release|Win32
		{00FDD34E-5A9D-481E-9824-EAAF4F6381E4}.Release|x64.ActiveCfg = Release|Win32
		{00FDD34E-5A9D-481E-9824-EAAF4F6381E4}.Template|Win32.ActiveCfg = Release|Win32
		{00FDD34E-5A9D-481E-9824-EAAF4F6381E4}.Template|Win32.Build.0 = Release|Win32
		{00FDD34E-5A9D-481E-9824-EAAF4F6381E4}.Template|x64.ActiveCfg = Release|Win32
		{76B71A19-2323-4BF3-97E9-2EF922BBDE3A}.Debug Futaba_PCM|Win32.ActiveCfg = Debug|Win32
		{76B71A19-2323-4BF3-97E9-2EF922BBDE3A}.Debug Futaba_PCM|Win32.Build.0 = Debug|Win32
		{76B71A19-2323-4BF3-97E9-2EF922BBDE3A}.Debug Futaba_PCM|x64.ActiveCfg = Debug|Win32
		{76B71A19-2323-4BF3-97E9-2EF922BBDE3A}.Debug Futaba_PPM|Win32.ActiveCfg = Debug|Win32
		{76B71A19-2323-4BF3-97E9-2EF922BBDE3A}.Debug Futaba_PPM|Win32.Build.0 = Debug|Win32
		{76B71A19-2323-4BF3-97E9-2EF922BBDE3A}.Debug Futaba_PPM|x64.ActiveCfg = Debug|Win32
		{76B71A19-2323-4BF3-97E9-2EF922BBDE3A}.Debug JR_PCM|Win32.ActiveCfg = Debug|Win32
		{76B71A19-2323-4BF3-97E9-2EF922BBDE3A}.Debug JR_PCM|Win32.Build.0 = Debug|Win32
		{76B71A19-2323-4BF3-97E9-2EF922BBDE3A}.Debug JR_PCM|x64.ActiveCfg = Debug|Win32
		{76B71A19-2323-4BF3-97E9-2EF922BBDE3A}.Debug JR_PPM|Win32.ActiveCfg = Debug|Win32
		{76B71A19-2323-4BF3-97E9-2EF922BBDE3A}.Debug JR_PPM|Win32.Build.0 = Debug|Win32
		{76B71A19-2323-4BF3-97E9-2EF922BBDE3A}.Debug JR_PPM|x64.ActiveCfg = Debug|Win32
		{76B71A19-2323-4BF3-97E9-2EF922BBDE3A}.Debug|Win32.ActiveCfg = Debug|Win32
		{76B71A19-2323-4BF3-97E9-2EF922BBDE3A}.Debug|Win32.Build.0 = Debug|Win32
		{76B71A19-2323-4BF3-97E9-2EF922BBDE3A}.Debug|x64.ActiveCfg = Debug|Win32
		{76B71A19-2323-4BF3-97E9-2EF922BBDE3A}.Release Futaba_PCM|Win32.ActiveCfg = Release|Win32
		{76B71A19-2323-4BF3-97E9-2EF922BBDE3A}.Release Futaba_PCM|Win32.Build.0 = Release|Win32
		{76B71A19-2323-4BF3-97E9-2EF922BBDE3A}.Release Futaba_PCM|x64.ActiveCfg = Release|Win32
		{76B71A19-2323-4BF3-97E9-2EF922BBDE3A}.Release Futaba_PPM|Win32.ActiveCfg = Release|Win32
		{76B71A19-2323-4BF3-97E9-2EF922BBDE3A}.Release Futaba_PPM|Win32.Build.0 = Release|Win32
		{76B71A19-2323-4BF3-97E9-2EF922BBDE3A}.Release Futaba_PPM|x64.ActiveCfg = Release|Win32
		{76B71A19-2323-4BF3-97E9-2EF922BBDE3A}.Release JR_PCM|Win32.ActiveCfg = Release|Win32
		{76B71A19-2323-4BF3-97E9-2EF922BBDE3A}.Release JR_PCM|Win32.Build.0 = Release|Win32
		{76B71A19-2323-4BF3-97E9-2EF922BBDE3A}.Release JR_PCM|x64.ActiveCfg = Release|Win32
		{76B71A19-2323-4BF3-97E9-2EF922BBDE3A}.Release JR_PPM|Win32.ActiveCfg = Release|Win32
		{76B71A19-2323-4BF3-97E9-2EF922BBDE3A}.Release JR_PPM|Win32.Build.0 = Release|Win32
		{76B71A19-2323-4BF3-97E9-2EF922BBDE3A}.Release JR_PPM|x64.ActiveCfg = Release|Win32
		{76B71A19-2323-4BF3-97E9-2EF922BBDE3A}.Release|Win32.ActiveCfg = Release|Win32
		{76B71A19-2323-4BF3-97E9-2EF922BBDE3A}.Release|Win32.Build.0 = Release|Win32
		{76B71A19-2323-4BF3-97E9-2EF922BBDE3A}.Release|x64.ActiveCfg = Release|Win32
		{76B71A19-2323-4BF3-97E9-2EF922BBDE3A}.Template|Win32.ActiveCfg = Release|Win32
		{76B71A19-2323-4BF3-97E9-2EF922BBDE3A}.Template|Win32.Build.0 = Release|Win32
		{76B71A19-2323-4BF3-97E9-2EF922BBDE3A}.Template|x64.ActiveCfg = Release|Win32
		{42C7F867-3DAF-4652-BA65-6D41F7A46C28}.Debug Futaba_PCM|Win32.ActiveCfg = Debug|Win32
		{42C7F867-3DAF-4652-BA65-6D41F7A46C28}.Debug Futaba_PCM|Win32.Build.0 = Debug|Win32
		{42C7F867-3DAF-4652-BA65-6D41F7A46C28}.Debug Futaba_PCM|x64.ActiveCfg = Debug|Win32
		{42C7F867-3DAF-4652-BA65-6D41F7A46C28}.Debug Futaba_PPM|Win32.ActiveCfg = Debug|Win32
		{42C7F867-3DAF-4652-BA65-6D41F7A46C28}.Debug Futaba_PPM|Win32.Build.0 = Debug|Win32
		{42C7F867-3DAF-4652-BA65-6D41F7A46C28}.Debug Futaba_PPM|x64.ActiveCfg = Debug|Win32
		{42C7F867-3DAF-4652-BA65-6D41F7A46C28}.Debug JR_PCM|Win32.ActiveCfg = Debug|Win32
		{42C7F867-3DAF-4652-BA65-6D41F7A46C28}.Debug JR_PCM|Win32.Build.0 = Debug|Win32
		{42C7F867-3DAF-4652-BA65-6D41F7A46C28}.Debug JR_PCM|x64.ActiveCfg = Debug|Win32
		{42C7F867-3DAF-4652-BA65-6D41F7A46C28}.Debug JR_PPM|Win32.ActiveCfg = Debug|Win32
		{42C7F867-3DAF-4652-BA65-6D41F7A46C28}.Debug JR_PPM|Win32.Build.0 = Debug|Win32
		{42C7F867-3DAF-4652-BA65-6D41F7A46C28}.Debug JR_PPM|x64.ActiveCfg = Debug|Win32
		{42C7F867-3DAF-4652-BA65-6D41F7A46C28}.Debug|Win32.ActiveCfg = Debug|Win32
		{42C7F867-3DAF-4652-BA65-6D41F7A46C28}.Debug|Win32.Build.0 = Debug|Win32
		{42C7F867-3DAF-4652-BA65-6D41F7A46C28}.Debug|x64.ActiveCfg = Debug|Win32
		{42C7F867-3DAF-4652-BA65-6D41F7A46C28}.Release Futaba_PCM|Win32.ActiveCfg = Release|Win32
		{42C7F867-3DAF-4652-BA65-6D41F7A46C28}.Release Futaba_PCM|Win32.Build.0 = Release|Win32
		{42C7F867-3DAF-4652-BA65-6D41F7A46C28}.Release Futaba_PCM|x64.ActiveCfg = Release|Win32
		{42C7F867-3DAF-4652-BA65-6D41F7A46C28}.Release Futaba_PPM|Win32.ActiveCfg = Release|Win32
		{42C7F867-3DAF-4652-BA65-6D41F7A46C28}.Release Futaba_PPM|Win32.Build.0 = Release|Win32
		{42C7F867-3DAF-4652-BA65-6D41F7A46C28}.Release Futaba_PPM|x64.ActiveCfg = Release|Win32
		{42C7F867-3DAF-4652-BA65-6D41F7A46C28}.Release JR_PCM|Win32.ActiveCfg = Release|Win32
		{42C7F867-3DAF-4652-BA65-6D41F7A46C28}.Release JR_PCM|Win32.Build.0 = Release|Win32
		{42C7F867-3DAF-4652-BA65-6D41F7A46C28}.Release JR_PCM|x64.ActiveCfg = Release|Win32
		{42C7F867-3DAF-4652-BA65-6D41F7A46C28}.Release JR_PPM|Win32.ActiveCfg = Release|Win32
		{42C7F867-3DAF-4652-BA65-6D41F7A46C28}.Release JR_PPM|Win32.Build.0 = Release|Win32
		{42C7F867-3DAF-4652-BA65-6D41F7A46C28}.Release JR_PPM|x64.ActiveCfg = Release|Win32
		{42C7F867-3DAF-4652-BA65-6D41F7A46C28}.Release|Win32.ActiveCfg = Release|Win32
		{42C7F867-3DAF-4652-BA65-6D41F7A46C28}.Release|Win32.Build.0 = Release|Win32
		{42C7F867-3DAF-4652-BA65-6D41F7A46C28}.Release|x64.ActiveCfg = Release|Win32
		{42C7F867-3DAF-4652-BA65-6D41F7A46C28}.Template|Win32.ActiveCfg = Release|Win32
		{42C7F867-3DAF-4652-BA65-6D41F7A46C28}.Template|Win32.Build.0 = Release|Win32
		{42C7F867-3DAF-4652-BA65-6D41F7A46C28}.Template|x64.ActiveCfg = Release|Win32
		{EAABFD15-52B0-47CE-8AD2-413BD067637A}.Debug Futaba_PCM|Win32.ActiveCfg = Debug|Win32
		{EAABFD15-52B0-47CE-8AD2-413BD067637A}.Debug Futaba_PCM|Win32.Build.0 = Debug|Win32
		{EAABFD15-52B0-47CE-8AD2-413BD067637A}.Debug Futaba_PCM|x64.ActiveCfg = Debug|Win32
		{EAABFD15-52B0-47CE-8AD2-413BD067637A}.Debug Futaba_PPM|Win32.ActiveCfg = Debug|Win32
		{EAABFD15-52B0-47CE-8AD2-413BD067637A}.Debug Futaba_PPM|Win32.Build.0 = Debug|Win32
		{EAABFD15-52B0-47CE-8AD2-413BD067637A}.Debug Futaba_PPM|x64.ActiveCfg = Debug|Win32
		{EAABFD15-52B0-47CE-8AD2-413BD067637A}.Debug JR_PCM|Win32.ActiveCfg = Debug|Win32
		{EAABFD15-52B0-47CE-8AD2-413BD067637A}.Debug JR_PCM|Win32.Build.0 = Debug|Win32
		{EAABFD15-52B0-47CE-8AD2-413BD067637A}.Debug JR_PCM|x64.ActiveCfg = Debug|Win32
		{EAABFD15-52B0-47CE-8AD2-413BD067637A}.Debug JR_PPM|Win32.ActiveCfg = Debug|Win32
		{EAABFD15-52B0-47CE-8AD2-413BD067637A}.Debug JR_PPM|Win32.Build.0 = Debug|Win32
		{EAABFD15-52B0-47CE-8AD2-413BD067637A}.Debug JR_PPM|x64.ActiveCfg = Debug|Win32
		{EAABFD15-52B0-47CE-8AD2-413BD067637A}.Debug|Win32.ActiveCfg = Debug|Win32
		{EAABFD15-52B0-47CE-8AD2-413BD067637A}.Debug|Win32.Build.0 = Debug|Win32
		{EAABFD15-52B0-47CE-8AD2-413BD067637A}.Debug|x64.ActiveCfg = Debug|Win32
		{EAABFD15-52B0-47CE-8AD2-413BD067637A}.Release Futaba_PCM|Win32.ActiveCfg = Release|Win32
		{EAABFD15-52B0-47CE-8AD2-413BD067637A}.Release Futaba_PCM|Win32.Build.0 = Release|Win32
		{EAABFD15-52B0-47CE-8AD2-413BD067637A}.Release Futaba_PCM|x64.ActiveCfg = Release|Win32
		{EAABFD15-52B0-47CE-8AD2-413BD067637A}.Release Futaba_PPM|Win32.ActiveCfg = Release|Win32
		{EAABFD15-52B0-47CE-8AD2-413BD067637A}.Release Futaba_PPM|Win32.Build.0 = Release|Win32
		{EAABFD15-52B0-47CE-8AD2-413BD067637A}.Release Futaba_PPM|x64.ActiveCfg = Release|Win32
		{EAABFD15-52B0-47CE-8AD2-413BD067637A}.Release JR_PCM|Win32.ActiveCfg = Release|Win32
		{EAABFD15-52B0-47CE-8AD2-413BD067637A}.Release JR_PCM|Win32.Build.0 = Release|Win32
		{EAABFD15-52B0-47CE-8AD2-413BD067637A}.Release JR_PCM|x64.ActiveCfg = Release|Win32
		{EAABFD15-52B0-47CE-8AD2-413BD067637A}.Release JR_PPM|Win32.ActiveCfg = Release|Win32
		{EAABFD15-52B0-47CE-8AD2-413BD067637A}.Release JR_PPM|Win32.Build.0 = Release|Win32
		{EAABFD15-52B0-47CE-8AD2-413BD067637A}.Release JR_PPM|x64.ActiveCfg = Release|Win32
		{EAABFD15-52B0-47CE-8AD2-413BD067637A}.Release|Win32.ActiveCfg = Release|Win32
		{EAABFD15-52B0-47CE-8AD2-413BD067637A}.Release|Win32.Build.0 = Release|Win32
		{EAABFD15-52B0-47CE-8AD2-413BD067637A}.Release|x64.ActiveCfg = Release|Win32
		{EAABFD15-52B0-47CE-8AD2-413BD067637A}.Template|Win32.ActiveCfg = Release|Win32
		{EAABFD15-52B0-47CE-8AD2-413BD067637A}.Template|Win32.Build.0 = Release|Win32
		{EAABFD15-52B0-47CE-8AD2-413BD067637A}.Template|x64.ActiveCfg = Release|Win32
		{FB798A9A-DC27-4EE3-B4A7-E8A34734E8ED}.Debug Futaba_PCM|Win32.ActiveCfg = Debug|Win32
		{FB798A9A-DC27-4EE3-B4A7-E8A34734E8ED}.Debug Futaba_PCM|Win32.Build.0 = Debug|Win32
		{FB798A9A-DC27-4EE3-B4A7-E8A34734E8ED}.Debug Futaba_PCM|x64.ActiveCfg = Debug|Win32
		{FB798A9A-DC27-4EE3-B4A7-E8A34734E8ED}.Debug Futaba_PPM|Win32.ActiveCfg = Debug|Win32
		{FB798A9A-DC27-4EE3-B4A7-E8A34734E8ED}.Debug Futaba_PPM|Win32.Build.0 = Debug|Win32
		{FB798A9A-DC27-4EE3-B4A7-E8A34734E8ED}.Debug Futaba_PPM|x64.ActiveCfg = Debug|Win32
		{FB798A9A-DC27-4EE3-B4A7-E8A34734E8ED}.Debug JR_PCM|Win32.ActiveCfg = Debug|Win32
		{FB798A9A-DC27-4EE3-B4A7-E8A34734E8ED}.Debug JR_PCM|Win32.Build.0 = Debug|Win32
		{FB798A9A-DC27-4EE3-B4A7-E8A34734E8ED}.Debug JR_PCM|x64.ActiveCfg = Debug|Win32
		{FB798A9A-DC27-4EE3-B4A7-E8A34734E8ED}.Debug JR_PPM|Win32.ActiveCfg = Debug|Win32
		{FB798A9A-DC27-4EE3-B4A7-E8A34734E8ED}.Debug JR_PPM|Win32.Build.0 = Debug|Win32
		{FB798A9A-DC27-4EE3-B4A7-E8A34734E8ED}.Debug JR_PPM|x64.ActiveCfg = Debug|Win32
		{FB798A9A-DC27-4EE3-B4A7-E8A34734E8ED}.Debug|Win32.ActiveCfg = Debug|Win32
		{FB798A9A-DC27-4EE3-B4A7-E8A34734E8ED}.Debug|Win32.Build.0 = Debug|Win32
		{FB798A9A-DC27-4EE3-B4A7-E8A34734E8ED}.Debug|x64.ActiveCfg = Debug|Win32
		{FB798A9A-DC27-4EE3-B4A7-E8A34734E8ED}.Release Futaba_PCM|Win32.ActiveCfg = Release|Win32
		{FB798A9A-DC27-4EE3-B4A7-E8A34734E8ED}.Release Futaba_PCM|Win32.Build.0 = Release|Win32
		{FB798A9A-DC27-4EE3-B4A7-E8A34734E8ED}.Release Futaba_PCM|x64.ActiveCfg = Release|Win32
		{FB798A9A-DC27-4EE3-B4A7-E8A34734E8ED}.Release Futaba_PPM|Win32.ActiveCfg = Release|Win32
		{FB798A9A-DC27-4EE3-B4A7-E8A34734E8ED}.Release Futaba_PPM|Win32.Build.0 = Release|Win32
		{FB798A9A-DC27-4EE3-B4A7-E8A34734E8ED}.Release Futaba_PPM|x64.ActiveCfg = Release|Win32
		{FB798A9A-DC27-4EE3-B4A7-E8A34734E8ED}.Release JR_PCM|Win32.ActiveCfg = Release|Win32
		{FB798A9A-DC27-4EE3-B4A7-E8A34734E8ED}.Release JR_PCM|Win32.Build.0 = Release|Win32
		{FB798A9A-DC27-4EE3-B4A7-E8A34734E8ED}.Release JR_PCM|x64.ActiveCfg = Release|Win32
		{FB798A9A-DC27-4EE3-B4A7-E8A34734E8ED}.Release JR_PPM|Win32.ActiveCfg = Release|Win32
		{FB798A9A-DC27-4EE3-B4A7-E8A34734E8ED}.Release JR_PPM|Win32.Build.0 = Release|Win32
		{FB798A9A-DC27-4EE3-B4A7-E8A34734E8ED}.Release JR_PPM|x64.ActiveCfg = Release|Win32
		{FB798A9A-DC27-4EE3-B4A7-E8A34734E8ED}.Release|Win32.ActiveCfg = Release|Win32
		{FB798A9A-DC27-4EE3-B4A7-E8A34734E8ED}.Release|Win32.Build.0 = Release|Win32
		{FB798A9A-DC27-4EE3-B4A7-E8A34734E8ED}.Release|x64.ActiveCfg = Release|Win32
		{FB798A9A-DC27-4EE3-B4A7-E8A34734E8ED}.Template|Win32.ActiveCfg = Release|Win32
		{FB798A9A-DC27-4EE3-B4A7-E8A34734E8ED}.Template|Win32.Build.0 = Release|Win32
		{FB798A9A-DC27-4EE3-B4A7-E8A34734E8ED}.Template|x64.ActiveCfg = Release|Win32
	EndGlobalSection
	GlobalSection(SolutionProperties) = preSolution
		HideSolutionNode = FALSE
	EndGlobalSection
	GlobalSection(NestedProjects) = preSolution
		{A38D6F1F-9A3E-4D5E-A4C3-D8B8EB8EB2FA} = {E0C73992-EA6B-4B49-9AA0-C9FBCCD91D41}
		{83B6F7DC-CE84-40E7-991D-AF7CC0B068A9} = {E0C73992-EA6B-4B49-9AA0-C9FBCCD91D41}
		{927F490D-13E2-48CD-A841-363BD8815D70} = {E0C73992-EA6B-4B49-9AA0-C9FBCCD91D41}
		{00FDD34E-5A9D-481E-9824-EAAF4F6381E4} = {E0C73992-EA6B-4B49-9AA0-C9FBCCD91D41}
		{76B71A19-2323-4BF3-97E9-2EF922BBDE3A} = {E0C73992-EA6B-4B49-9AA0-C9FBCCD91D41}
		{42C7F867-3DAF-4652-BA65-6D41F7A46C28} = {E0C73992-EA6B-4B49-9AA0-C9FBCCD91D41}
		{EAABFD15-52B0-47CE-8AD2-413BD067637A} = {E0C73992-EA6B-4B49-9AA0-C9FBCCD91D41}
		{FB798A9A-DC27-4EE3-B4A7-E8A34734E8ED} = {E0C73992-EA6B-4B49-9AA0-C9FBCCD91D41}
		{01A39A44-0A37-442E-889A-8CC652D29C2F} = {E0C73992-EA6B-4B49-9AA0-C9FBCCD91D41}
	EndGlobalSection
EndGlobal
