
Microsoft Visual Studio Solution File, Format Version 10.00
# Visual Studio 2008
Project("{8BC9CEB8-8B4A-11D0-8D11-00A0C91BC942}") = "CreateINF", "CreateINF.vcproj", "{FDB0AB61-6638-4B98-95DF-F35921112DDA}"
EndProject
Global
	GlobalSection(SolutionConfigurationPlatforms) = preSolution
		Debug|Win32 = Debug|Win32
		Release|Win32 = Release|Win32
	EndGlobalSection
	GlobalSection(ProjectConfigurationPlatforms) = postSolution
		{FDB0AB61-6638-4B98-95DF-F35921112DDA}.Debug|Win32.ActiveCfg = Debug|Win32
		{FDB0AB61-6638-4B98-95DF-F35921112DDA}.Debug|Win32.Build.0 = Debug|Win32
		{FDB0AB61-6638-4B98-95DF-F35921112DDA}.Release|Win32.ActiveCfg = Release|Win32
		{FDB0AB61-6638-4B98-95DF-F35921112DDA}.Release|Win32.Build.0 = Release|Win32
	EndGlobalSection
	GlobalSection(SolutionProperties) = preSolution
		HideSolutionNode = FALSE
	EndGlobalSection
EndGlobal
