
Microsoft Visual Studio Solution File, Format Version 9.00
# Visual C++ Express 2005
Project("{8BC9CEB8-8B4A-11D0-8D11-00A0C91BC942}") = "SetupHelper", "SetupHelper.vcproj", "{CAF47B1E-A1C6-4C67-BFFB-6DC46E626588}"
EndProject
Global
	GlobalSection(SolutionConfigurationPlatforms) = preSolution
		Debug|Win32 = Debug|Win32
		Release|Win32 = Release|Win32
	EndGlobalSection
	GlobalSection(ProjectConfigurationPlatforms) = postSolution
		{CAF47B1E-A1C6-4C67-BFFB-6DC46E626588}.Debug|Win32.ActiveCfg = Debug|Win32
		{CAF47B1E-A1C6-4C67-BFFB-6DC46E626588}.Debug|Win32.Build.0 = Debug|Win32
		{CAF47B1E-A1C6-4C67-BFFB-6DC46E626588}.Release|Win32.ActiveCfg = Release|Win32
		{CAF47B1E-A1C6-4C67-BFFB-6DC46E626588}.Release|Win32.Build.0 = Release|Win32
	EndGlobalSection
	GlobalSection(SolutionProperties) = preSolution
		HideSolutionNode = FALSE
	EndGlobalSection
EndGlobal
