
Microsoft Visual Studio Solution File, Format Version 10.00
# Visual Studio 2008
Project("{8BC9CEB8-8B4A-11D0-8D11-00A0C91BC942}") = "CreateBAT", "CreateBAT.vcproj", "{93A55841-70D8-4243-806F-912014D4000F}"
EndProject
Global
	GlobalSection(SolutionConfigurationPlatforms) = preSolution
		Debug|Win32 = Debug|Win32
		Release|Win32 = Release|Win32
	EndGlobalSection
	GlobalSection(ProjectConfigurationPlatforms) = postSolution
		{93A55841-70D8-4243-806F-912014D4000F}.Debug|Win32.ActiveCfg = Debug|Win32
		{93A55841-70D8-4243-806F-912014D4000F}.Debug|Win32.Build.0 = Debug|Win32
		{93A55841-70D8-4243-806F-912014D4000F}.Release|Win32.ActiveCfg = Release|Win32
		{93A55841-70D8-4243-806F-912014D4000F}.Release|Win32.Build.0 = Release|Win32
	EndGlobalSection
	GlobalSection(SolutionProperties) = preSolution
		HideSolutionNode = FALSE
	EndGlobalSection
EndGlobal
